PODS:
  - Alamofire (4.4.0)
  - DropDown (2)
  - Kingfisher (3.10.3)
  - SwiftyJSON (3.1.4)

DEPENDENCIES:
  - Alamofire (~> 4.4.0)
  - DropDown
  - Kingfisher (~> 3.10.1)
  - SwiftyJSON (~> 3.1.4)

SPEC CHECKSUMS:
  Alamofire: dc44b1600b800eb63da6a19039a0083d62a6a62d
  DropDown: 744784d9c9aa505100e942c16acd05430cbb2f0a
  Kingfisher: a0ac82dc5bcf0388dd74b294cf2cc13730c63436
  SwiftyJSON: c2842d878f95482ffceec5709abc3d05680c0220

PODFILE CHECKSUM: b59a98caa4979c86f24d68ee6bb86b3670bbfb26

COCOAPODS: 1.2.1
