// !$*UTF8*$!
{
	archiveVersion = 1;
	classes = {
	};
	objectVersion = 46;
	objects = {

/* Begin PBXBuildFile section */
		663643881F2830FC00ED2345 /* AppDelegate.swift in Sources */ = {isa = PBXBuildFile; fileRef = 663643871F2830FC00ED2345 /* AppDelegate.swift */; };
		6636438A1F2830FC00ED2345 /* ViewController.swift in Sources */ = {isa = PBXBuildFile; fileRef = 663643891F2830FC00ED2345 /* ViewController.swift */; };
		6636438D1F2830FC00ED2345 /* Main.storyboard in Resources */ = {isa = PBXBuildFile; fileRef = 6636438B1F2830FC00ED2345 /* Main.storyboard */; };
		663643901F2830FC00ED2345 /* SaleSecretary.xcdatamodeld in Sources */ = {isa = PBXBuildFile; fileRef = 6636438E1F2830FC00ED2345 /* SaleSecretary.xcdatamodeld */; };
		663643921F2830FC00ED2345 /* Assets.xcassets in Resources */ = {isa = PBXBuildFile; fileRef = 663643911F2830FC00ED2345 /* Assets.xcassets */; };
		663643951F2830FC00ED2345 /* LaunchScreen.storyboard in Resources */ = {isa = PBXBuildFile; fileRef = 663643931F2830FC00ED2345 /* LaunchScreen.storyboard */; };
		663643A01F2830FD00ED2345 /* SaleSecretaryTests.swift in Sources */ = {isa = PBXBuildFile; fileRef = 6636439F1F2830FD00ED2345 /* SaleSecretaryTests.swift */; };
		663643AB1F2830FD00ED2345 /* SaleSecretaryUITests.swift in Sources */ = {isa = PBXBuildFile; fileRef = 663643AA1F2830FD00ED2345 /* SaleSecretaryUITests.swift */; };
		6E70FE2F1F286C6200803E73 /* MessageListCell.swift in Sources */ = {isa = PBXBuildFile; fileRef = 6E70FE2D1F286C6200803E73 /* MessageListCell.swift */; };
		6E70FE301F286C6200803E73 /* MessageListCell.xib in Resources */ = {isa = PBXBuildFile; fileRef = 6E70FE2E1F286C6200803E73 /* MessageListCell.xib */; };
		6E70FE381F28721200803E73 /* MessageViewController.swift in Sources */ = {isa = PBXBuildFile; fileRef = 6E70FE371F28721200803E73 /* MessageViewController.swift */; };
/* End PBXBuildFile section */

/* Begin PBXContainerItemProxy section */
		6636439C1F2830FD00ED2345 /* PBXContainerItemProxy */ = {
			isa = PBXContainerItemProxy;
			containerPortal = 6636437C1F2830FC00ED2345 /* Project object */;
			proxyType = 1;
			remoteGlobalIDString = 663643831F2830FC00ED2345;
			remoteInfo = SaleSecretary;
		};
		663643A71F2830FD00ED2345 /* PBXContainerItemProxy */ = {
			isa = PBXContainerItemProxy;
			containerPortal = 6636437C1F2830FC00ED2345 /* Project object */;
			proxyType = 1;
			remoteGlobalIDString = 663643831F2830FC00ED2345;
			remoteInfo = SaleSecretary;
		};
/* End PBXContainerItemProxy section */

/* Begin PBXFileReference section */
		663643841F2830FC00ED2345 /* SaleSecretary.app */ = {isa = PBXFileReference; explicitFileType = wrapper.application; includeInIndex = 0; path = SaleSecretary.app; sourceTree = BUILT_PRODUCTS_DIR; };
		663643871F2830FC00ED2345 /* AppDelegate.swift */ = {isa = PBXFileReference; lastKnownFileType = sourcecode.swift; path = AppDelegate.swift; sourceTree = "<group>"; };
		663643891F2830FC00ED2345 /* ViewController.swift */ = {isa = PBXFileReference; lastKnownFileType = sourcecode.swift; path = ViewController.swift; sourceTree = "<group>"; };
		6636438C1F2830FC00ED2345 /* Base */ = {isa = PBXFileReference; lastKnownFileType = file.storyboard; name = Base; path = Base.lproj/Main.storyboard; sourceTree = "<group>"; };
		6636438F1F2830FC00ED2345 /* SaleSecretary.xcdatamodel */ = {isa = PBXFileReference; lastKnownFileType = wrapper.xcdatamodel; path = SaleSecretary.xcdatamodel; sourceTree = "<group>"; };
		663643911F2830FC00ED2345 /* Assets.xcassets */ = {isa = PBXFileReference; lastKnownFileType = folder.assetcatalog; path = Assets.xcassets; sourceTree = "<group>"; };
		663643941F2830FC00ED2345 /* Base */ = {isa = PBXFileReference; lastKnownFileType = file.storyboard; name = Base; path = Base.lproj/LaunchScreen.storyboard; sourceTree = "<group>"; };
		663643961F2830FC00ED2345 /* Info.plist */ = {isa = PBXFileReference; lastKnownFileType = text.plist.xml; path = Info.plist; sourceTree = "<group>"; };
		6636439B1F2830FD00ED2345 /* SaleSecretaryTests.xctest */ = {isa = PBXFileReference; explicitFileType = wrapper.cfbundle; includeInIndex = 0; path = SaleSecretaryTests.xctest; sourceTree = BUILT_PRODUCTS_DIR; };
		6636439F1F2830FD00ED2345 /* SaleSecretaryTests.swift */ = {isa = PBXFileReference; lastKnownFileType = sourcecode.swift; path = SaleSecretaryTests.swift; sourceTree = "<group>"; };
		663643A11F2830FD00ED2345 /* Info.plist */ = {isa = PBXFileReference; lastKnownFileType = text.plist.xml; path = Info.plist; sourceTree = "<group>"; };
		663643A61F2830FD00ED2345 /* SaleSecretaryUITests.xctest */ = {isa = PBXFileReference; explicitFileType = wrapper.cfbundle; includeInIndex = 0; path = SaleSecretaryUITests.xctest; sourceTree = BUILT_PRODUCTS_DIR; };
		663643AA1F2830FD00ED2345 /* SaleSecretaryUITests.swift */ = {isa = PBXFileReference; lastKnownFileType = sourcecode.swift; path = SaleSecretaryUITests.swift; sourceTree = "<group>"; };
		663643AC1F2830FD00ED2345 /* Info.plist */ = {isa = PBXFileReference; lastKnownFileType = text.plist.xml; path = Info.plist; sourceTree = "<group>"; };
		6E70FE2D1F286C6200803E73 /* MessageListCell.swift */ = {isa = PBXFileReference; fileEncoding = 4; lastKnownFileType = sourcecode.swift; path = MessageListCell.swift; sourceTree = "<group>"; };
		6E70FE2E1F286C6200803E73 /* MessageListCell.xib */ = {isa = PBXFileReference; fileEncoding = 4; lastKnownFileType = file.xib; path = MessageListCell.xib; sourceTree = "<group>"; };
		6E70FE371F28721200803E73 /* MessageViewController.swift */ = {isa = PBXFileReference; fileEncoding = 4; lastKnownFileType = sourcecode.swift; path = MessageViewController.swift; sourceTree = "<group>"; };
/* End PBXFileReference section */

/* Begin PBXFrameworksBuildPhase section */
		663643811F2830FC00ED2345 /* Frameworks */ = {
			isa = PBXFrameworksBuildPhase;
			buildActionMask = 2147483647;
			files = (
			);
			runOnlyForDeploymentPostprocessing = 0;
		};
		663643981F2830FD00ED2345 /* Frameworks */ = {
			isa = PBXFrameworksBuildPhase;
			buildActionMask = 2147483647;
			files = (
			);
			runOnlyForDeploymentPostprocessing = 0;
		};
		663643A31F2830FD00ED2345 /* Frameworks */ = {
			isa = PBXFrameworksBuildPhase;
			buildActionMask = 2147483647;
			files = (
			);
			runOnlyForDeploymentPostprocessing = 0;
		};
/* End PBXFrameworksBuildPhase section */

/* Begin PBXGroup section */
		6636437B1F2830FC00ED2345 = {
			isa = PBXGroup;
			children = (
				663643861F2830FC00ED2345 /* SaleSecretary */,
				6636439E1F2830FD00ED2345 /* SaleSecretaryTests */,
				663643A91F2830FD00ED2345 /* SaleSecretaryUITests */,
				663643851F2830FC00ED2345 /* Products */,
			);
			sourceTree = "<group>";
		};
		663643851F2830FC00ED2345 /* Products */ = {
			isa = PBXGroup;
			children = (
				663643841F2830FC00ED2345 /* SaleSecretary.app */,
				6636439B1F2830FD00ED2345 /* SaleSecretaryTests.xctest */,
				663643A61F2830FD00ED2345 /* SaleSecretaryUITests.xctest */,
			);
			name = Products;
			sourceTree = "<group>";
		};
		663643861F2830FC00ED2345 /* SaleSecretary */ = {
			isa = PBXGroup;
			children = (
				6E70FE241F28495C00803E73 /* Message */,
				663643B81F28311600ED2345 /* Main */,
				663643871F2830FC00ED2345 /* AppDelegate.swift */,
				663643911F2830FC00ED2345 /* Assets.xcassets */,
				663643931F2830FC00ED2345 /* LaunchScreen.storyboard */,
				663643961F2830FC00ED2345 /* Info.plist */,
				6636438E1F2830FC00ED2345 /* SaleSecretary.xcdatamodeld */,
			);
			path = SaleSecretary;
			sourceTree = "<group>";
		};
		6636439E1F2830FD00ED2345 /* SaleSecretaryTests */ = {
			isa = PBXGroup;
			children = (
				6636439F1F2830FD00ED2345 /* SaleSecretaryTests.swift */,
				663643A11F2830FD00ED2345 /* Info.plist */,
			);
			path = SaleSecretaryTests;
			sourceTree = "<group>";
		};
		663643A91F2830FD00ED2345 /* SaleSecretaryUITests */ = {
			isa = PBXGroup;
			children = (
				663643AA1F2830FD00ED2345 /* SaleSecretaryUITests.swift */,
				663643AC1F2830FD00ED2345 /* Info.plist */,
			);
			path = SaleSecretaryUITests;
			sourceTree = "<group>";
		};
		663643B81F28311600ED2345 /* Main */ = {
			isa = PBXGroup;
			children = (
				663643BB1F28314B00ED2345 /* View */,
				663643BA1F28314400ED2345 /* Model */,
				663643B91F28313C00ED2345 /* Controller */,
			);
			name = Main;
			sourceTree = "<group>";
		};
		663643B91F28313C00ED2345 /* Controller */ = {
			isa = PBXGroup;
			children = (
			);
			name = Controller;
			sourceTree = "<group>";
		};
		663643BA1F28314400ED2345 /* Model */ = {
			isa = PBXGroup;
			children = (
			);
			name = Model;
			sourceTree = "<group>";
		};
		663643BB1F28314B00ED2345 /* View */ = {
			isa = PBXGroup;
			children = (
				6636438B1F2830FC00ED2345 /* Main.storyboard */,
				663643891F2830FC00ED2345 /* ViewController.swift */,
			);
			name = View;
			sourceTree = "<group>";
		};
		6E70FE241F28495C00803E73 /* Message */ = {
			isa = PBXGroup;
			children = (
				6E70FE271F28498B00803E73 /* Controller */,
				6E70FE261F28498100803E73 /* Model */,
				6E70FE251F28497700803E73 /* View */,
			);
			name = Message;
			sourceTree = "<group>";
		};
		6E70FE251F28497700803E73 /* View */ = {
			isa = PBXGroup;
			children = (
				6E70FE2D1F286C6200803E73 /* MessageListCell.swift */,
				6E70FE2E1F286C6200803E73 /* MessageListCell.xib */,
				6E70FE371F28721200803E73 /* MessageViewController.swift */,
			);
			name = View;
			sourceTree = "<group>";
		};
		6E70FE261F28498100803E73 /* Model */ = {
			isa = PBXGroup;
			children = (
			);
			name = Model;
			sourceTree = "<group>";
		};
		6E70FE271F28498B00803E73 /* Controller */ = {
			isa = PBXGroup;
			children = (
			);
			name = Controller;
			sourceTree = "<group>";
		};
/* End PBXGroup section */

/* Begin PBXNativeTarget section */
		663643831F2830FC00ED2345 /* SaleSecretary */ = {
			isa = PBXNativeTarget;
			buildConfigurationList = 663643AF1F2830FD00ED2345 /* Build configuration list for PBXNativeTarget "SaleSecretary" */;
			buildPhases = (
				663643801F2830FC00ED2345 /* Sources */,
				663643811F2830FC00ED2345 /* Frameworks */,
				663643821F2830FC00ED2345 /* Resources */,
			);
			buildRules = (
			);
			dependencies = (
			);
			name = SaleSecretary;
			productName = SaleSecretary;
			productReference = 663643841F2830FC00ED2345 /* SaleSecretary.app */;
			productType = "com.apple.product-type.application";
		};
		6636439A1F2830FD00ED2345 /* SaleSecretaryTests */ = {
			isa = PBXNativeTarget;
			buildConfigurationList = 663643B21F2830FD00ED2345 /* Build configuration list for PBXNativeTarget "SaleSecretaryTests" */;
			buildPhases = (
				663643971F2830FD00ED2345 /* Sources */,
				663643981F2830FD00ED2345 /* Frameworks */,
				663643991F2830FD00ED2345 /* Resources */,
			);
			buildRules = (
			);
			dependencies = (
				6636439D1F2830FD00ED2345 /* PBXTargetDependency */,
			);
			name = SaleSecretaryTests;
			productName = SaleSecretaryTests;
			productReference = 6636439B1F2830FD00ED2345 /* SaleSecretaryTests.xctest */;
			productType = "com.apple.product-type.bundle.unit-test";
		};
		663643A51F2830FD00ED2345 /* SaleSecretaryUITests */ = {
			isa = PBXNativeTarget;
			buildConfigurationList = 663643B51F2830FD00ED2345 /* Build configuration list for PBXNativeTarget "SaleSecretaryUITests" */;
			buildPhases = (
				663643A21F2830FD00ED2345 /* Sources */,
				663643A31F2830FD00ED2345 /* Frameworks */,
				663643A41F2830FD00ED2345 /* Resources */,
			);
			buildRules = (
			);
			dependencies = (
				663643A81F2830FD00ED2345 /* PBXTargetDependency */,
			);
			name = SaleSecretaryUITests;
			productName = SaleSecretaryUITests;
			productReference = 663643A61F2830FD00ED2345 /* SaleSecretaryUITests.xctest */;
			productType = "com.apple.product-type.bundle.ui-testing";
		};
/* End PBXNativeTarget section */

/* Begin PBXProject section */
		6636437C1F2830FC00ED2345 /* Project object */ = {
			isa = PBXProject;
			attributes = {
				LastSwiftUpdateCheck = 0830;
				LastUpgradeCheck = 0830;
				ORGANIZATIONNAME = zjjy;
				TargetAttributes = {
					663643831F2830FC00ED2345 = {
						CreatedOnToolsVersion = 8.3.3;
						ProvisioningStyle = Automatic;
					};
					6636439A1F2830FD00ED2345 = {
						CreatedOnToolsVersion = 8.3.3;
						ProvisioningStyle = Automatic;
						TestTargetID = 663643831F2830FC00ED2345;
					};
					663643A51F2830FD00ED2345 = {
						CreatedOnToolsVersion = 8.3.3;
						ProvisioningStyle = Automatic;
						TestTargetID = 663643831F2830FC00ED2345;
					};
				};
			};
			buildConfigurationList = 6636437F1F2830FC00ED2345 /* Build configuration list for PBXProject "SaleSecretary" */;
			compatibilityVersion = "Xcode 3.2";
			developmentRegion = English;
			hasScannedForEncodings = 0;
			knownRegions = (
				en,
				Base,
			);
			mainGroup = 6636437B1F2830FC00ED2345;
			productRefGroup = 663643851F2830FC00ED2345 /* Products */;
			projectDirPath = "";
			projectRoot = "";
			targets = (
				663643831F2830FC00ED2345 /* SaleSecretary */,
				6636439A1F2830FD00ED2345 /* SaleSecretaryTests */,
				663643A51F2830FD00ED2345 /* SaleSecretaryUITests */,
			);
		};
/* End PBXProject section */

/* Begin PBXResourcesBuildPhase section */
		663643821F2830FC00ED2345 /* Resources */ = {
			isa = PBXResourcesBuildPhase;
			buildActionMask = 2147483647;
			files = (
				663643951F2830FC00ED2345 /* LaunchScreen.storyboard in Resources */,
				6E70FE301F286C6200803E73 /* MessageListCell.xib in Resources */,
				663643921F2830FC00ED2345 /* Assets.xcassets in Resources */,
				6636438D1F2830FC00ED2345 /* Main.storyboard in Resources */,
			);
			runOnlyForDeploymentPostprocessing = 0;
		};
		663643991F2830FD00ED2345 /* Resources */ = {
			isa = PBXResourcesBuildPhase;
			buildActionMask = 2147483647;
			files = (
			);
			runOnlyForDeploymentPostprocessing = 0;
		};
		663643A41F2830FD00ED2345 /* Resources */ = {
			isa = PBXResourcesBuildPhase;
			buildActionMask = 2147483647;
			files = (
			);
			runOnlyForDeploymentPostprocessing = 0;
		};
/* End PBXResourcesBuildPhase section */

/* Begin PBXSourcesBuildPhase section */
		663643801F2830FC00ED2345 /* Sources */ = {
			isa = PBXSourcesBuildPhase;
			buildActionMask = 2147483647;
			files = (
				6636438A1F2830FC00ED2345 /* ViewController.swift in Sources */,
				6E70FE2F1F286C6200803E73 /* MessageListCell.swift in Sources */,
				663643901F2830FC00ED2345 /* SaleSecretary.xcdatamodeld in Sources */,
				663643881F2830FC00ED2345 /* AppDelegate.swift in Sources */,
				6E70FE381F28721200803E73 /* MessageViewController.swift in Sources */,
			);
			runOnlyForDeploymentPostprocessing = 0;
		};
		663643971F2830FD00ED2345 /* Sources */ = {
			isa = PBXSourcesBuildPhase;
			buildActionMask = 2147483647;
			files = (
				663643A01F2830FD00ED2345 /* SaleSecretaryTests.swift in Sources */,
			);
			runOnlyForDeploymentPostprocessing = 0;
		};
		663643A21F2830FD00ED2345 /* Sources */ = {
			isa = PBXSourcesBuildPhase;
			buildActionMask = 2147483647;
			files = (
				663643AB1F2830FD00ED2345 /* SaleSecretaryUITests.swift in Sources */,
			);
			runOnlyForDeploymentPostprocessing = 0;
		};
/* End PBXSourcesBuildPhase section */

/* Begin PBXTargetDependency section */
		6636439D1F2830FD00ED2345 /* PBXTargetDependency */ = {
			isa = PBXTargetDependency;
			target = 663643831F2830FC00ED2345 /* SaleSecretary */;
			targetProxy = 6636439C1F2830FD00ED2345 /* PBXContainerItemProxy */;
		};
		663643A81F2830FD00ED2345 /* PBXTargetDependency */ = {
			isa = PBXTargetDependency;
			target = 663643831F2830FC00ED2345 /* SaleSecretary */;
			targetProxy = 663643A71F2830FD00ED2345 /* PBXContainerItemProxy */;
		};
/* End PBXTargetDependency section */

/* Begin PBXVariantGroup section */
		6636438B1F2830FC00ED2345 /* Main.storyboard */ = {
			isa = PBXVariantGroup;
			children = (
				6636438C1F2830FC00ED2345 /* Base */,
			);
			name = Main.storyboard;
			sourceTree = "<group>";
		};
		663643931F2830FC00ED2345 /* LaunchScreen.storyboard */ = {
			isa = PBXVariantGroup;
			children = (
				663643941F2830FC00ED2345 /* Base */,
			);
			name = LaunchScreen.storyboard;
			sourceTree = "<group>";
		};
/* End PBXVariantGroup section */

/* Begin XCBuildConfiguration section */
		663643AD1F2830FD00ED2345 /* Debug */ = {
			isa = XCBuildConfiguration;
			buildSettings = {
				ALWAYS_SEARCH_USER_PATHS = NO;
				CLANG_ANALYZER_NONNULL = YES;
				CLANG_ANALYZER_NUMBER_OBJECT_CONVERSION = YES_AGGRESSIVE;
				CLANG_CXX_LANGUAGE_STANDARD = "gnu++0x";
				CLANG_CXX_LIBRARY = "libc++";
				CLANG_ENABLE_MODULES = YES;
				CLANG_ENABLE_OBJC_ARC = YES;
				CLANG_WARN_BOOL_CONVERSION = YES;
				CLANG_WARN_CONSTANT_CONVERSION = YES;
				CLANG_WARN_DIRECT_OBJC_ISA_USAGE = YES_ERROR;
				CLANG_WARN_DOCUMENTATION_COMMENTS = YES;
				CLANG_WARN_EMPTY_BODY = YES;
				CLANG_WARN_ENUM_CONVERSION = YES;
				CLANG_WARN_INFINITE_RECURSION = YES;
				CLANG_WARN_INT_CONVERSION = YES;
				CLANG_WARN_OBJC_ROOT_CLASS = YES_ERROR;
				CLANG_WARN_SUSPICIOUS_MOVE = YES;
				CLANG_WARN_UNREACHABLE_CODE = YES;
				CLANG_WARN__DUPLICATE_METHOD_MATCH = YES;
				"CODE_SIGN_IDENTITY[sdk=iphoneos*]" = "iPhone Developer";
				COPY_PHASE_STRIP = NO;
				DEBUG_INFORMATION_FORMAT = dwarf;
				ENABLE_STRICT_OBJC_MSGSEND = YES;
				ENABLE_TESTABILITY = YES;
				GCC_C_LANGUAGE_STANDARD = gnu99;
				GCC_DYNAMIC_NO_PIC = NO;
				GCC_NO_COMMON_BLOCKS = YES;
				GCC_OPTIMIZATION_LEVEL = 0;
				GCC_PREPROCESSOR_DEFINITIONS = (
					"DEBUG=1",
					"$(inherited)",
				);
				GCC_WARN_64_TO_32_BIT_CONVERSION = YES;
				GCC_WARN_ABOUT_RETURN_TYPE = YES_ERROR;
				GCC_WARN_UNDECLARED_SELECTOR = YES;
				GCC_WARN_UNINITIALIZED_AUTOS = YES_AGGRESSIVE;
				GCC_WARN_UNUSED_FUNCTION = YES;
				GCC_WARN_UNUSED_VARIABLE = YES;
				IPHONEOS_DEPLOYMENT_TARGET = 10.3;
				MTL_ENABLE_DEBUG_INFO = YES;
				ONLY_ACTIVE_ARCH = YES;
				SDKROOT = iphoneos;
				SWIFT_ACTIVE_COMPILATION_CONDITIONS = DEBUG;
				SWIFT_OPTIMIZATION_LEVEL = "-Onone";
			};
			name = Debug;
		};
		663643AE1F2830FD00ED2345 /* Release */ = {
			isa = XCBuildConfiguration;
			buildSettings = {
				ALWAYS_SEARCH_USER_PATHS = NO;
				CLANG_ANALYZER_NONNULL = YES;
				CLANG_ANALYZER_NUMBER_OBJECT_CONVERSION = YES_AGGRESSIVE;
				CLANG_CXX_LANGUAGE_STANDARD = "gnu++0x";
				CLANG_CXX_LIBRARY = "libc++";
				CLANG_ENABLE_MODULES = YES;
				CLANG_ENABLE_OBJC_ARC = YES;
				CLANG_WARN_BOOL_CONVERSION = YES;
				CLANG_WARN_CONSTANT_CONVERSION = YES;
				CLANG_WARN_DIRECT_OBJC_ISA_USAGE = YES_ERROR;
				CLANG_WARN_DOCUMENTATION_COMMENTS = YES;
				CLANG_WARN_EMPTY_BODY = YES;
				CLANG_WARN_ENUM_CONVERSION = YES;
				CLANG_WARN_INFINITE_RECURSION = YES;
				CLANG_WARN_INT_CONVERSION = YES;
				CLANG_WARN_OBJC_ROOT_CLASS = YES_ERROR;
				CLANG_WARN_SUSPICIOUS_MOVE = YES;
				CLANG_WARN_UNREACHABLE_CODE = YES;
				CLANG_WARN__DUPLICATE_METHOD_MATCH = YES;
				"CODE_SIGN_IDENTITY[sdk=iphoneos*]" = "iPhone Developer";
				COPY_PHASE_STRIP = NO;
				DEBUG_INFORMATION_FORMAT = "dwarf-with-dsym";
				ENABLE_NS_ASSERTIONS = NO;
				ENABLE_STRICT_OBJC_MSGSEND = YES;
				GCC_C_LANGUAGE_STANDARD = gnu99;
				GCC_NO_COMMON_BLOCKS = YES;
				GCC_WARN_64_TO_32_BIT_CONVERSION = YES;
				GCC_WARN_ABOUT_RETURN_TYPE = YES_ERROR;
				GCC_WARN_UNDECLARED_SELECTOR = YES;
				GCC_WARN_UNINITIALIZED_AUTOS = YES_AGGRESSIVE;
				GCC_WARN_UNUSED_FUNCTION = YES;
				GCC_WARN_UNUSED_VARIABLE = YES;
				IPHONEOS_DEPLOYMENT_TARGET = 10.3;
				MTL_ENABLE_DEBUG_INFO = NO;
				SDKROOT = iphoneos;
				SWIFT_OPTIMIZATION_LEVEL = "-Owholemodule";
				VALIDATE_PRODUCT = YES;
			};
			name = Release;
		};
		663643B01F2830FD00ED2345 /* Debug */ = {
			isa = XCBuildConfiguration;
			buildSettings = {
				ASSETCATALOG_COMPILER_APPICON_NAME = AppIcon;
				INFOPLIST_FILE = SaleSecretary/Info.plist;
				LD_RUNPATH_SEARCH_PATHS = "$(inherited) @executable_path/Frameworks";
				PRODUCT_BUNDLE_IDENTIFIER = com.zjjy.SaleSecretary;
				PRODUCT_NAME = "$(TARGET_NAME)";
				SWIFT_VERSION = 3.0;
			};
			name = Debug;
		};
		663643B11F2830FD00ED2345 /* Release */ = {
			isa = XCBuildConfiguration;
			buildSettings = {
				ASSETCATALOG_COMPILER_APPICON_NAME = AppIcon;
				INFOPLIST_FILE = SaleSecretary/Info.plist;
				LD_RUNPATH_SEARCH_PATHS = "$(inherited) @executable_path/Frameworks";
				PRODUCT_BUNDLE_IDENTIFIER = com.zjjy.SaleSecretary;
				PRODUCT_NAME = "$(TARGET_NAME)";
				SWIFT_VERSION = 3.0;
			};
			name = Release;
		};
		663643B31F2830FD00ED2345 /* Debug */ = {
			isa = XCBuildConfiguration;
			buildSettings = {
				ALWAYS_EMBED_SWIFT_STANDARD_LIBRARIES = YES;
				BUNDLE_LOADER = "$(TEST_HOST)";
				INFOPLIST_FILE = SaleSecretaryTests/Info.plist;
				LD_RUNPATH_SEARCH_PATHS = "$(inherited) @executable_path/Frameworks @loader_path/Frameworks";
				PRODUCT_BUNDLE_IDENTIFIER = com.zjjy.SaleSecretaryTests;
				PRODUCT_NAME = "$(TARGET_NAME)";
				SWIFT_VERSION = 3.0;
				TEST_HOST = "$(BUILT_PRODUCTS_DIR)/SaleSecretary.app/SaleSecretary";
			};
			name = Debug;
		};
		663643B41F2830FD00ED2345 /* Release */ = {
			isa = XCBuildConfiguration;
			buildSettings = {
				ALWAYS_EMBED_SWIFT_STANDARD_LIBRARIES = YES;
				BUNDLE_LOADER = "$(TEST_HOST)";
				INFOPLIST_FILE = SaleSecretaryTests/Info.plist;
				LD_RUNPATH_SEARCH_PATHS = "$(inherited) @executable_path/Frameworks @loader_path/Frameworks";
				PRODUCT_BUNDLE_IDENTIFIER = com.zjjy.SaleSecretaryTests;
				PRODUCT_NAME = "$(TARGET_NAME)";
				SWIFT_VERSION = 3.0;
				TEST_HOST = "$(BUILT_PRODUCTS_DIR)/SaleSecretary.app/SaleSecretary";
			};
			name = Release;
		};
		663643B61F2830FD00ED2345 /* Debug */ = {
			isa = XCBuildConfiguration;
			buildSettings = {
				ALWAYS_EMBED_SWIFT_STANDARD_LIBRARIES = YES;
				INFOPLIST_FILE = SaleSecretaryUITests/Info.plist;
				LD_RUNPATH_SEARCH_PATHS = "$(inherited) @executable_path/Frameworks @loader_path/Frameworks";
				PRODUCT_BUNDLE_IDENTIFIER = com.zjjy.SaleSecretaryUITests;
				PRODUCT_NAME = "$(TARGET_NAME)";
				SWIFT_VERSION = 3.0;
				TEST_TARGET_NAME = SaleSecretary;
			};
			name = Debug;
		};
		663643B71F2830FD00ED2345 /* Release */ = {
			isa = XCBuildConfiguration;
			buildSettings = {
				ALWAYS_EMBED_SWIFT_STANDARD_LIBRARIES = YES;
				INFOPLIST_FILE = SaleSecretaryUITests/Info.plist;
				LD_RUNPATH_SEARCH_PATHS = "$(inherited) @executable_path/Frameworks @loader_path/Frameworks";
				PRODUCT_BUNDLE_IDENTIFIER = com.zjjy.SaleSecretaryUITests;
				PRODUCT_NAME = "$(TARGET_NAME)";
				SWIFT_VERSION = 3.0;
				TEST_TARGET_NAME = SaleSecretary;
			};
			name = Release;
		};
/* End XCBuildConfiguration section */

/* Begin XCConfigurationList section */
		6636437F1F2830FC00ED2345 /* Build configuration list for PBXProject "SaleSecretary" */ = {
			isa = XCConfigurationList;
			buildConfigurations = (
				663643AD1F2830FD00ED2345 /* Debug */,
				663643AE1F2830FD00ED2345 /* Release */,
			);
			defaultConfigurationIsVisible = 0;
			defaultConfigurationName = Release;
		};
		663643AF1F2830FD00ED2345 /* Build configuration list for PBXNativeTarget "SaleSecretary" */ = {
			isa = XCConfigurationList;
			buildConfigurations = (
				663643B01F2830FD00ED2345 /* Debug */,
				663643B11F2830FD00ED2345 /* Release */,
			);
			defaultConfigurationIsVisible = 0;
			defaultConfigurationName = Release;
		};
		663643B21F2830FD00ED2345 /* Build configuration list for PBXNativeTarget "SaleSecretaryTests" */ = {
			isa = XCConfigurationList;
			buildConfigurations = (
				663643B31F2830FD00ED2345 /* Debug */,
				663643B41F2830FD00ED2345 /* Release */,
			);
			defaultConfigurationIsVisible = 0;
			defaultConfigurationName = Release;
		};
		663643B51F2830FD00ED2345 /* Build configuration list for PBXNativeTarget "SaleSecretaryUITests" */ = {
			isa = XCConfigurationList;
			buildConfigurations = (
				663643B61F2830FD00ED2345 /* Debug */,
				663643B71F2830FD00ED2345 /* Release */,
			);
			defaultConfigurationIsVisible = 0;
			defaultConfigurationName = Release;
		};
/* End XCConfigurationList section */

/* Begin XCVersionGroup section */
		6636438E1F2830FC00ED2345 /* SaleSecretary.xcdatamodeld */ = {
			isa = XCVersionGroup;
			children = (
				6636438F1F2830FC00ED2345 /* SaleSecretary.xcdatamodel */,
			);
			currentVersion = 6636438F1F2830FC00ED2345 /* SaleSecretary.xcdatamodel */;
			path = SaleSecretary.xcdatamodeld;
			sourceTree = "<group>";
			versionGroupType = wrapper.xcdatamodel;
		};
/* End XCVersionGroup section */
	};
	rootObject = 6636437C1F2830FC00ED2345 /* Project object */;
}
