// !$*UTF8*$!
{
	archiveVersion = 1;
	classes = {
	};
	objectVersion = 46;
	objects = {

/* Begin PBXBuildFile section */
		29D06932D6D0A7D01DEBF31C0546DAAE /* SMSView.storyboard in Resources */ = {isa = PBXBuildFile; fileRef = D600CFAFAE0B824ECFF06CA2EEDB46DF /* SMSView.storyboard */; };
		45BDDB34CBA326F0F1C1F3CBB472F1DE /* AppDelegate.swift in Sources */ = {isa = PBXBuildFile; fileRef = E1D47ACF391485904A172658C073C4CF /* AppDelegate.swift */; };
		4CC34A42AA4DDB3561243C35E9A3DD6E /* SaleSecretaryTests.swift in Sources */ = {isa = PBXBuildFile; fileRef = E9B097EE912BE08E90307C3D5DBEAA47 /* SaleSecretaryTests.swift */; };
		4D8C433AFF25A62C0F123986B3D3B2AC /* SMSUIViewController.swift in Sources */ = {isa = PBXBuildFile; fileRef = 523881837A69778310643A65B3F29D96 /* SMSUIViewController.swift */; };
		53E56F706EB9015CA4B22F2CB85E21EB /* ToolCellView.swift in Sources */ = {isa = PBXBuildFile; fileRef = 1388E83064119789E4E2181C9871C9F6 /* ToolCellView.swift */; };
		5B61C6CC8719F793AA22DE8CE2E016A7 /* MessageViewController.swift in Sources */ = {isa = PBXBuildFile; fileRef = 5EFF07A861B596FBF6B58926BCD4CB27 /* MessageViewController.swift */; };
		5F81108AF566E3AA21DC1DE8FE984ECE /* ViewController.swift in Sources */ = {isa = PBXBuildFile; fileRef = B45CD96F7DFFD87860F121A1A9F14848 /* ViewController.swift */; };
		63FFE17B8518E311F485E78D5AC99EDF /* MessageListCell.swift in Sources */ = {isa = PBXBuildFile; fileRef = E05D3EF5639A9140AFEB3E73C399202E /* MessageListCell.swift */; };
		6615BF541F33F9A60052879B /* CustomSMSViewController.swift in Sources */ = {isa = PBXBuildFile; fileRef = 6615BF531F33F9A60052879B /* CustomSMSViewController.swift */; };
		6615BF5C1F3413210052879B /* ContactTableViewController.swift in Sources */ = {isa = PBXBuildFile; fileRef = 6615BF581F3413210052879B /* ContactTableViewController.swift */; };
		6615BF661F3413420052879B /* CustomerHeaderView.swift in Sources */ = {isa = PBXBuildFile; fileRef = 6615BF611F3413420052879B /* CustomerHeaderView.swift */; };
		6615BF6B1F34134C0052879B /* customerList.plist in Resources */ = {isa = PBXBuildFile; fileRef = 6615BF691F34134C0052879B /* customerList.plist */; };
		6615BF6C1F34134C0052879B /* CustomerModel.swift in Sources */ = {isa = PBXBuildFile; fileRef = 6615BF6A1F34134C0052879B /* CustomerModel.swift */; };
		6615BF6E1F3413EA0052879B /* TableViewCell.swift in Sources */ = {isa = PBXBuildFile; fileRef = 6615BF6D1F3413EA0052879B /* TableViewCell.swift */; };
		662D6A491F3177BA001C1FB1 /* AddNewCustomersCell.xib in Resources */ = {isa = PBXBuildFile; fileRef = 662D6A471F3177BA001C1FB1 /* AddNewCustomersCell.xib */; };
		66451F0C1F32C4C7009B65DD /* UIColor+Hex.swift in Sources */ = {isa = PBXBuildFile; fileRef = 66451F0B1F32C4C7009B65DD /* UIColor+Hex.swift */; };
		66451F0E1F330DDD009B65DD /* AppellationCellView.xib in Resources */ = {isa = PBXBuildFile; fileRef = 66451F0D1F330DDD009B65DD /* AppellationCellView.xib */; };
		66451F101F331001009B65DD /* AppellationCellView.swift in Sources */ = {isa = PBXBuildFile; fileRef = 66451F0F1F331001009B65DD /* AppellationCellView.swift */; };
		66451F121F331E81009B65DD /* InscribeViewCell.xib in Resources */ = {isa = PBXBuildFile; fileRef = 66451F111F331E81009B65DD /* InscribeViewCell.xib */; };
		66451F161F331F8E009B65DD /* InscribeViewCell.swift in Sources */ = {isa = PBXBuildFile; fileRef = 66451F151F331F8E009B65DD /* InscribeViewCell.swift */; };
		66451F181F332AB8009B65DD /* PlanExecTimeCellView.xib in Resources */ = {isa = PBXBuildFile; fileRef = 66451F171F332AB8009B65DD /* PlanExecTimeCellView.xib */; };
		66451F1A1F332D4E009B65DD /* PlanExecTimeCellView.swift in Sources */ = {isa = PBXBuildFile; fileRef = 66451F191F332D4E009B65DD /* PlanExecTimeCellView.swift */; };
		6647E8BF1F39C4F80053AFF3 /* PhoneSMSViewContronller.swift in Sources */ = {isa = PBXBuildFile; fileRef = 6647E8BD1F39C4F80053AFF3 /* PhoneSMSViewContronller.swift */; };
		6647E8C01F39C4F80053AFF3 /* SMSPreviewController.swift in Sources */ = {isa = PBXBuildFile; fileRef = 6647E8BE1F39C4F80053AFF3 /* SMSPreviewController.swift */; };
		6647E8C31F39C6160053AFF3 /* CommonSMSTableCell.swift in Sources */ = {isa = PBXBuildFile; fileRef = 6647E8C21F39C6160053AFF3 /* CommonSMSTableCell.swift */; };
		6647E8C61F39C63B0053AFF3 /* SMSContentTextCell.swift in Sources */ = {isa = PBXBuildFile; fileRef = 6647E8C41F39C63B0053AFF3 /* SMSContentTextCell.swift */; };
		6647E8C71F39C63B0053AFF3 /* SMSContentTextCell.xib in Resources */ = {isa = PBXBuildFile; fileRef = 6647E8C51F39C63B0053AFF3 /* SMSContentTextCell.xib */; };
		6647E8C91F3AEDCE0053AFF3 /* NetworkUtils.swift in Sources */ = {isa = PBXBuildFile; fileRef = 6647E8C81F3AEDCE0053AFF3 /* NetworkUtils.swift */; };
		6647E8CC1F3AFEE90053AFF3 /* CryptoHeader.m in Sources */ = {isa = PBXBuildFile; fileRef = 6647E8CB1F3AFEE90053AFF3 /* CryptoHeader.m */; };
		664B998E1F3DA8CB00968AA5 /* SMSTemplate.swift in Sources */ = {isa = PBXBuildFile; fileRef = 664B998D1F3DA8CB00968AA5 /* SMSTemplate.swift */; };
		664B999A1F3DBE5700968AA5 /* InfoPlist.strings in Resources */ = {isa = PBXBuildFile; fileRef = 664B999C1F3DBE5700968AA5 /* InfoPlist.strings */; };
		66AB590B1F3C65E8005FB30F /* ico_make.png in Resources */ = {isa = PBXBuildFile; fileRef = 66AB59081F3C65E8005FB30F /* ico_make.png */; };
		66AB590C1F3C65E8005FB30F /* JSDropDownMenu.m in Sources */ = {isa = PBXBuildFile; fileRef = 66AB590A1F3C65E8005FB30F /* JSDropDownMenu.m */; };
		66AB590E1F3C65FA005FB30F /* TemplateSelectorController.swift in Sources */ = {isa = PBXBuildFile; fileRef = 66AB590D1F3C65FA005FB30F /* TemplateSelectorController.swift */; };
		66AB59101F3C6607005FB30F /* Month.swift in Sources */ = {isa = PBXBuildFile; fileRef = 66AB590F1F3C6607005FB30F /* Month.swift */; };
		66AB59121F3D53AB005FB30F /* Extensions.swift in Sources */ = {isa = PBXBuildFile; fileRef = 66AB59111F3D53AB005FB30F /* Extensions.swift */; };
		66AB59161F3D54F2005FB30F /* CollapsibleTableViewCell.swift in Sources */ = {isa = PBXBuildFile; fileRef = 66AB59141F3D54F2005FB30F /* CollapsibleTableViewCell.swift */; };
		66AB59171F3D54F2005FB30F /* CollapsibleTableViewHeader.swift in Sources */ = {isa = PBXBuildFile; fileRef = 66AB59151F3D54F2005FB30F /* CollapsibleTableViewHeader.swift */; };
		66B602F01F2F043E002A55E6 /* SMSListViewCell.swift in Sources */ = {isa = PBXBuildFile; fileRef = 66B602EF1F2F043E002A55E6 /* SMSListViewCell.swift */; };
		66B602F21F2F074A002A55E6 /* SMSListViewCell.xib in Resources */ = {isa = PBXBuildFile; fileRef = 66B602F11F2F074A002A55E6 /* SMSListViewCell.xib */; };
		66B602F71F2F35CC002A55E6 /* SMSDetailView.xib in Resources */ = {isa = PBXBuildFile; fileRef = 66B602F61F2F35CC002A55E6 /* SMSDetailView.xib */; };
		66B602F91F2F3BA7002A55E6 /* SMSDetailView.swift in Sources */ = {isa = PBXBuildFile; fileRef = 66B602F81F2F3BA7002A55E6 /* SMSDetailView.swift */; };
		66B602FB1F301230002A55E6 /* SMSDetailController.swift in Sources */ = {isa = PBXBuildFile; fileRef = 66B602FA1F301230002A55E6 /* SMSDetailController.swift */; };
		66B602FD1F302238002A55E6 /* Recipient.swift in Sources */ = {isa = PBXBuildFile; fileRef = 66B602FC1F302238002A55E6 /* Recipient.swift */; };
		66BF592B1F3075E800154E8C /* SMSAddViewController.swift in Sources */ = {isa = PBXBuildFile; fileRef = 66BF592A1F3075E800154E8C /* SMSAddViewController.swift */; };
		66C784B41F41B9140067B476 /* AipOcrSdk.framework in Frameworks */ = {isa = PBXBuildFile; fileRef = 66C784B31F41B9140067B476 /* AipOcrSdk.framework */; };
		66C784B51F41B9140067B476 /* AipOcrSdk.framework in Embed Frameworks */ = {isa = PBXBuildFile; fileRef = 66C784B31F41B9140067B476 /* AipOcrSdk.framework */; settings = {ATTRIBUTES = (CodeSignOnCopy, RemoveHeadersOnCopy, ); }; };
		66C784BB1F41B95B0067B476 /* AipBase.framework in Frameworks */ = {isa = PBXBuildFile; fileRef = 66C784B71F41B9490067B476 /* AipBase.framework */; };
		66C784BC1F41B95B0067B476 /* AipBase.framework in Embed Frameworks */ = {isa = PBXBuildFile; fileRef = 66C784B71F41B9490067B476 /* AipBase.framework */; settings = {ATTRIBUTES = (CodeSignOnCopy, RemoveHeadersOnCopy, ); }; };
		66C784BD1F41B95B0067B476 /* IdcardQuality.framework in Frameworks */ = {isa = PBXBuildFile; fileRef = 66C784B81F41B9490067B476 /* IdcardQuality.framework */; };
		66C784BE1F41B95B0067B476 /* IdcardQuality.framework in Embed Frameworks */ = {isa = PBXBuildFile; fileRef = 66C784B81F41B9490067B476 /* IdcardQuality.framework */; settings = {ATTRIBUTES = (CodeSignOnCopy, RemoveHeadersOnCopy, ); }; };
		66C784C21F4527060067B476 /* QRScrollViewController.swift in Sources */ = {isa = PBXBuildFile; fileRef = 66C784C11F4527060067B476 /* QRScrollViewController.swift */; };
		66C784D11F457F290067B476 /* aip.license in Resources */ = {isa = PBXBuildFile; fileRef = 66C784D01F457F280067B476 /* aip.license */; };
		66C784D31F457F440067B476 /* ScanResultViewController.swift in Sources */ = {isa = PBXBuildFile; fileRef = 66C784D21F457F440067B476 /* ScanResultViewController.swift */; };
		66C784D61F457F550067B476 /* ScanResultCell.swift in Sources */ = {isa = PBXBuildFile; fileRef = 66C784D41F457F550067B476 /* ScanResultCell.swift */; };
		66C784D71F457F550067B476 /* ScanResultCell.xib in Resources */ = {isa = PBXBuildFile; fileRef = 66C784D51F457F550067B476 /* ScanResultCell.xib */; };
		66D3D0E21F31E7C2005347D0 /* CustomerSelectViewController.swift in Sources */ = {isa = PBXBuildFile; fileRef = 66D3D0E11F31E7C2005347D0 /* CustomerSelectViewController.swift */; };
		66F265411F30243100E9ECAB /* SMSMessage.swift in Sources */ = {isa = PBXBuildFile; fileRef = 66F265401F30243100E9ECAB /* SMSMessage.swift */; };
		6E0C8CE31F2EE0A90066885F /* MessageDetail.storyboard in Resources */ = {isa = PBXBuildFile; fileRef = 6E0C8CE21F2EE0A90066885F /* MessageDetail.storyboard */; };
		6E0C8CE51F2EE0B40066885F /* MessageDetailController.swift in Sources */ = {isa = PBXBuildFile; fileRef = 6E0C8CE41F2EE0B40066885F /* MessageDetailController.swift */; };
		6E0C8CE81F2EE0C20066885F /* MessageDetailCell.swift in Sources */ = {isa = PBXBuildFile; fileRef = 6E0C8CE61F2EE0C20066885F /* MessageDetailCell.swift */; };
		6E0C8CE91F2EE0C20066885F /* MessageDetailCell.xib in Resources */ = {isa = PBXBuildFile; fileRef = 6E0C8CE71F2EE0C20066885F /* MessageDetailCell.xib */; };
		6E20EC931F341B2B00A0F29E /* ChatDataSource.swift in Sources */ = {isa = PBXBuildFile; fileRef = 6E20EC921F341B2B00A0F29E /* ChatDataSource.swift */; };
		6E20EC951F341B4500A0F29E /* MessageItem.swift in Sources */ = {isa = PBXBuildFile; fileRef = 6E20EC941F341B4500A0F29E /* MessageItem.swift */; };
		6E20EC971F341B5500A0F29E /* UserInfo.swift in Sources */ = {isa = PBXBuildFile; fileRef = 6E20EC961F341B5500A0F29E /* UserInfo.swift */; };
		6E20EC991F341B6C00A0F29E /* ChatViewCell.swift in Sources */ = {isa = PBXBuildFile; fileRef = 6E20EC981F341B6C00A0F29E /* ChatViewCell.swift */; };
		6E20EC9C1F341B7D00A0F29E /* TableHeaderViewCell.swift in Sources */ = {isa = PBXBuildFile; fileRef = 6E20EC9A1F341B7D00A0F29E /* TableHeaderViewCell.swift */; };
		6E20EC9D1F341B7D00A0F29E /* TableView.swift in Sources */ = {isa = PBXBuildFile; fileRef = 6E20EC9B1F341B7D00A0F29E /* TableView.swift */; };
		6E20ECA01F341B8D00A0F29E /* MessageChat.storyboard in Resources */ = {isa = PBXBuildFile; fileRef = 6E20EC9E1F341B8D00A0F29E /* MessageChat.storyboard */; };
		6E20ECA11F341B8D00A0F29E /* MessageChatController.swift in Sources */ = {isa = PBXBuildFile; fileRef = 6E20EC9F1F341B8D00A0F29E /* MessageChatController.swift */; };
		6E20ECA51F341BCD00A0F29E /* xiaohua.png in Resources */ = {isa = PBXBuildFile; fileRef = 6E20ECA31F341BCD00A0F29E /* xiaohua.png */; };
		6E20ECA61F341BCD00A0F29E /* xiaoming.png in Resources */ = {isa = PBXBuildFile; fileRef = 6E20ECA41F341BCD00A0F29E /* xiaoming.png */; };
		6E20ECA81F341BD600A0F29E /* sz.png in Resources */ = {isa = PBXBuildFile; fileRef = 6E20ECA71F341BD600A0F29E /* sz.png */; };
		6E20ECB01F39B3D300A0F29E /* MessageCache.swift in Sources */ = {isa = PBXBuildFile; fileRef = 6E20ECAF1F39B3D300A0F29E /* MessageCache.swift */; };
		6E20ECB21F39B3DE00A0F29E /* MessageInfo.swift in Sources */ = {isa = PBXBuildFile; fileRef = 6E20ECB11F39B3DE00A0F29E /* MessageInfo.swift */; };
		6E52D9851F458B560003305F /* ShareView.swift in Sources */ = {isa = PBXBuildFile; fileRef = 6E52D9841F458B560003305F /* ShareView.swift */; };
		6EBAA5441F3C03240099DA89 /* MineViewCell.swift in Sources */ = {isa = PBXBuildFile; fileRef = 6EBAA5421F3C03240099DA89 /* MineViewCell.swift */; };
		6EBAA5451F3C03240099DA89 /* MineViewCell.xib in Resources */ = {isa = PBXBuildFile; fileRef = 6EBAA5431F3C03240099DA89 /* MineViewCell.xib */; };
		6EBAA54F1F3C2E480099DA89 /* MineInfoCell.swift in Sources */ = {isa = PBXBuildFile; fileRef = 6EBAA54E1F3C2E480099DA89 /* MineInfoCell.swift */; };
		6EBAA5511F3C2E520099DA89 /* MineInfoCell.xib in Resources */ = {isa = PBXBuildFile; fileRef = 6EBAA5501F3C2E520099DA89 /* MineInfoCell.xib */; };
		6EBAA5611F3C43B50099DA89 /* WalletViewController.swift in Sources */ = {isa = PBXBuildFile; fileRef = 6EBAA5601F3C43B50099DA89 /* WalletViewController.swift */; };
		6EBAA5651F3C4AA40099DA89 /* MineView.storyboard in Resources */ = {isa = PBXBuildFile; fileRef = 6EBAA5641F3C4AA40099DA89 /* MineView.storyboard */; };
		6EBAA5671F3C59340099DA89 /* WalletDetailController.swift in Sources */ = {isa = PBXBuildFile; fileRef = 6EBAA5661F3C59340099DA89 /* WalletDetailController.swift */; };
		6EBAA56A1F3C5B330099DA89 /* WalletDetailCell.swift in Sources */ = {isa = PBXBuildFile; fileRef = 6EBAA5681F3C5B330099DA89 /* WalletDetailCell.swift */; };
		6EBAA56B1F3C5B330099DA89 /* WalletDetailCell.xib in Resources */ = {isa = PBXBuildFile; fileRef = 6EBAA5691F3C5B330099DA89 /* WalletDetailCell.xib */; };
		6EBAA56F1F3D5C190099DA89 /* BusinessRecordController.swift in Sources */ = {isa = PBXBuildFile; fileRef = 6EBAA56E1F3D5C190099DA89 /* BusinessRecordController.swift */; };
		6EF19C5D1F3BF9E000646BCF /* MineUIViewController.swift in Sources */ = {isa = PBXBuildFile; fileRef = 6EF19C5C1F3BF9E000646BCF /* MineUIViewController.swift */; };
		6EF2B7851F3EC7B400C808EE /* PayDetailController.swift in Sources */ = {isa = PBXBuildFile; fileRef = 6EF2B7841F3EC7B400C808EE /* PayDetailController.swift */; };
		6EF2B7871F3EC7F400C808EE /* PayViewController.swift in Sources */ = {isa = PBXBuildFile; fileRef = 6EF2B7861F3EC7F400C808EE /* PayViewController.swift */; };
		6EF2B78A1F3ECB1D00C808EE /* PayDetailCell.swift in Sources */ = {isa = PBXBuildFile; fileRef = 6EF2B7881F3ECB1D00C808EE /* PayDetailCell.swift */; };
		6EF2B78B1F3ECB1D00C808EE /* PayDetailCell.xib in Resources */ = {isa = PBXBuildFile; fileRef = 6EF2B7891F3ECB1D00C808EE /* PayDetailCell.xib */; };
		6EF2B78F1F41390B00C808EE /* UserManageViewController.swift in Sources */ = {isa = PBXBuildFile; fileRef = 6EF2B78E1F41390B00C808EE /* UserManageViewController.swift */; };
		6EF2B7951F418E8600C808EE /* UserManageHeaderView.swift in Sources */ = {isa = PBXBuildFile; fileRef = 6EF2B7941F418E8600C808EE /* UserManageHeaderView.swift */; };
		6EF2B7971F419F1600C808EE /* userList.plist in Resources */ = {isa = PBXBuildFile; fileRef = 6EF2B7961F419F1600C808EE /* userList.plist */; };
		6EF2B7991F419FC400C808EE /* Usermodel.swift in Sources */ = {isa = PBXBuildFile; fileRef = 6EF2B7981F419FC400C808EE /* Usermodel.swift */; };
		6EF5B6FF1F4452D3001B0A77 /* FindPwdViewController.swift in Sources */ = {isa = PBXBuildFile; fileRef = 6EF5B6FE1F4452D3001B0A77 /* FindPwdViewController.swift */; };
		6EF5B7031F4452E9001B0A77 /* Login.storyboard in Resources */ = {isa = PBXBuildFile; fileRef = 6EF5B7001F4452E9001B0A77 /* Login.storyboard */; };
		6EF5B7041F4452E9001B0A77 /* LoginViewController.swift in Sources */ = {isa = PBXBuildFile; fileRef = 6EF5B7011F4452E9001B0A77 /* LoginViewController.swift */; };
		6EF5B7051F4452E9001B0A77 /* RegisterViewController.swift in Sources */ = {isa = PBXBuildFile; fileRef = 6EF5B7021F4452E9001B0A77 /* RegisterViewController.swift */; };
		6EF5B7281F4582C1001B0A77 /* ExitViewCell.swift in Sources */ = {isa = PBXBuildFile; fileRef = 6EF5B7261F4582C1001B0A77 /* ExitViewCell.swift */; };
		6EF5B7291F4582C1001B0A77 /* ExitViewCell.xib in Resources */ = {isa = PBXBuildFile; fileRef = 6EF5B7271F4582C1001B0A77 /* ExitViewCell.xib */; };
		6EF5B72C1F4582D0001B0A77 /* HelpViewController.swift in Sources */ = {isa = PBXBuildFile; fileRef = 6EF5B72A1F4582D0001B0A77 /* HelpViewController.swift */; };
		6EF5B72F1F4582E5001B0A77 /* SetViewController.swift in Sources */ = {isa = PBXBuildFile; fileRef = 6EF5B72E1F4582E5001B0A77 /* SetViewController.swift */; };
		7D4F943E251DFCF1E855A17CA7047BAB /* ToolCellView.xib in Resources */ = {isa = PBXBuildFile; fileRef = 1EDAEF18CBA6F23688F9247911F93EDF /* ToolCellView.xib */; };
		837E4CB3CAA4F9E6F67FCD9B689A4731 /* Assets.xcassets in Resources */ = {isa = PBXBuildFile; fileRef = 1F3ED2E7C36C4CC96B9B25E5F44BB6DC /* Assets.xcassets */; };
		8F857D8EE568B6B553022CDE /* Pods_SaleSecretary.framework in Frameworks */ = {isa = PBXBuildFile; fileRef = 96CFA79C8767534862334D7C /* Pods_SaleSecretary.framework */; };
		A1388B73E89097D71FE47270B8861FF9 /* ToolsUIViewController.swift in Sources */ = {isa = PBXBuildFile; fileRef = D9F3B5FF5B6840C01FE98AB14DBF66A9 /* ToolsUIViewController.swift */; };
		AF201728C3391AB87079CD9BA8E73001 /* Main.storyboard in Resources */ = {isa = PBXBuildFile; fileRef = 03D25B800318496B626EE1356C773AA4 /* Main.storyboard */; };
		B1CD15B5F521C5D0040C8C6FF7E7477F /* SaleSecretaryUITests.swift in Sources */ = {isa = PBXBuildFile; fileRef = 6B1304CBBFB165B9BCE2C5264AB48FAF /* SaleSecretaryUITests.swift */; };
		B57F541A2E6EE35F55BF1F726094C124 /* LaunchScreen.storyboard in Resources */ = {isa = PBXBuildFile; fileRef = E91976E222A3B14574B6924020DD4A84 /* LaunchScreen.storyboard */; };
		D9D045E89EEF6E531B731C29AF71C6D8 /* MessageListCell.xib in Resources */ = {isa = PBXBuildFile; fileRef = 4E75E8F33B3F1B94561C76CE533E329A /* MessageListCell.xib */; };
		E1E92A825F157EE0E15E88EC43FED169 /* SaleSecretary.xcdatamodeld in Sources */ = {isa = PBXBuildFile; fileRef = 372EFD95BCC4506D668112468A0C6F18 /* SaleSecretary.xcdatamodeld */; };
		E75435741F34640E00BDE8C6 /* CustomerPopUpView.swift in Sources */ = {isa = PBXBuildFile; fileRef = E75435731F34640E00BDE8C6 /* CustomerPopUpView.swift */; };
		E75435761F3542AE00BDE8C6 /* ContactMessageViewController.swift in Sources */ = {isa = PBXBuildFile; fileRef = E75435751F3542AE00BDE8C6 /* ContactMessageViewController.swift */; };
		E754DC931F3D4E3D0025DBBE /* ContactStoryboard.storyboard in Resources */ = {isa = PBXBuildFile; fileRef = E754DC901F3D4E3D0025DBBE /* ContactStoryboard.storyboard */; };
		E754DC941F3D4E3D0025DBBE /* CTAddNewTableViewController.swift in Sources */ = {isa = PBXBuildFile; fileRef = E754DC911F3D4E3D0025DBBE /* CTAddNewTableViewController.swift */; };
		E754DC951F3D4E3D0025DBBE /* CTChooseNewerController.swift in Sources */ = {isa = PBXBuildFile; fileRef = E754DC921F3D4E3D0025DBBE /* CTChooseNewerController.swift */; };
		E754DC971F3D4E4B0025DBBE /* AddNewCustomerCell.swift in Sources */ = {isa = PBXBuildFile; fileRef = E754DC961F3D4E4B0025DBBE /* AddNewCustomerCell.swift */; };
		E754DC991F3D4E5A0025DBBE /* GetContactUtils.swift in Sources */ = {isa = PBXBuildFile; fileRef = E754DC981F3D4E5A0025DBBE /* GetContactUtils.swift */; };
		E7B2A2701F39FE76001D8C61 /* CTCustomerDetailInfoViewController.swift in Sources */ = {isa = PBXBuildFile; fileRef = E7B2A26D1F39FE76001D8C61 /* CTCustomerDetailInfoViewController.swift */; };
		E7B2A2711F39FE76001D8C61 /* CTInfoViewController.swift in Sources */ = {isa = PBXBuildFile; fileRef = E7B2A26E1F39FE76001D8C61 /* CTInfoViewController.swift */; };
		E7B2A2721F39FE76001D8C61 /* CTrailViewController.swift in Sources */ = {isa = PBXBuildFile; fileRef = E7B2A26F1F39FE76001D8C61 /* CTrailViewController.swift */; };
		E7B2A2741F39FE97001D8C61 /* CTCustomerDetailInfoView.swift in Sources */ = {isa = PBXBuildFile; fileRef = E7B2A2731F39FE97001D8C61 /* CTCustomerDetailInfoView.swift */; };
		E7D2ABD21F457AA4000123A5 /* Models.swift in Sources */ = {isa = PBXBuildFile; fileRef = E7D2ABD11F457AA4000123A5 /* Models.swift */; };
		E7D2ABD61F457AC7000123A5 /* PersonContactCell.swift in Sources */ = {isa = PBXBuildFile; fileRef = E7D2ABD31F457AC7000123A5 /* PersonContactCell.swift */; };
		E7D2ABD71F457AC7000123A5 /* PersonContactCell.xib in Resources */ = {isa = PBXBuildFile; fileRef = E7D2ABD41F457AC7000123A5 /* PersonContactCell.xib */; };
		E7D2ABD81F457AC7000123A5 /* TableViewCell.xib in Resources */ = {isa = PBXBuildFile; fileRef = E7D2ABD51F457AC7000123A5 /* TableViewCell.xib */; };
		E7D2ABDB1F457B00000123A5 /* CustomerDBOp.swift in Sources */ = {isa = PBXBuildFile; fileRef = E7D2ABDA1F457B00000123A5 /* CustomerDBOp.swift */; };
		E7D2ABDD1F457B14000123A5 /* DateFormatterUtils.swift in Sources */ = {isa = PBXBuildFile; fileRef = E7D2ABDC1F457B14000123A5 /* DateFormatterUtils.swift */; };
/* End PBXBuildFile section */

/* Begin PBXContainerItemProxy section */
		2F0373467A29E0D5176A6A4EC30D54E0 /* PBXContainerItemProxy */ = {
			isa = PBXContainerItemProxy;
			containerPortal = 97397EDA25754BD1B27A3933E6CC7083 /* Project object */;
			proxyType = 1;
			remoteGlobalIDString = 5D9576533D7D7338A391E31418964354;
			remoteInfo = SaleSecretary;
		};
		F33C0D10C95B5D17C0CD9D005331708D /* PBXContainerItemProxy */ = {
			isa = PBXContainerItemProxy;
			containerPortal = 97397EDA25754BD1B27A3933E6CC7083 /* Project object */;
			proxyType = 1;
			remoteGlobalIDString = 5D9576533D7D7338A391E31418964354;
			remoteInfo = SaleSecretary;
		};
/* End PBXContainerItemProxy section */

/* Begin PBXCopyFilesBuildPhase section */
		66C784B61F41B9140067B476 /* Embed Frameworks */ = {
			isa = PBXCopyFilesBuildPhase;
			buildActionMask = 2147483647;
			dstPath = "";
			dstSubfolderSpec = 10;
			files = (
				66C784BC1F41B95B0067B476 /* AipBase.framework in Embed Frameworks */,
				66C784B51F41B9140067B476 /* AipOcrSdk.framework in Embed Frameworks */,
				66C784BE1F41B95B0067B476 /* IdcardQuality.framework in Embed Frameworks */,
			);
			name = "Embed Frameworks";
			runOnlyForDeploymentPostprocessing = 0;
		};
/* End PBXCopyFilesBuildPhase section */

/* Begin PBXFileReference section */
		1388E83064119789E4E2181C9871C9F6 /* ToolCellView.swift */ = {isa = PBXFileReference; fileEncoding = 4; lastKnownFileType = sourcecode.swift; path = ToolCellView.swift; sourceTree = "<group>"; };
		1EDAEF18CBA6F23688F9247911F93EDF /* ToolCellView.xib */ = {isa = PBXFileReference; fileEncoding = 4; lastKnownFileType = file.xib; path = ToolCellView.xib; sourceTree = "<group>"; };
		1F3ED2E7C36C4CC96B9B25E5F44BB6DC /* Assets.xcassets */ = {isa = PBXFileReference; lastKnownFileType = folder.assetcatalog; path = Assets.xcassets; sourceTree = "<group>"; };
		2C6A867B230F110B4E0648AC /* Pods-SaleSecretary.debug.xcconfig */ = {isa = PBXFileReference; includeInIndex = 1; lastKnownFileType = text.xcconfig; name = "Pods-SaleSecretary.debug.xcconfig"; path = "Pods/Target Support Files/Pods-SaleSecretary/Pods-SaleSecretary.debug.xcconfig"; sourceTree = "<group>"; };
		3B50DBFE5619E6ECC0F0893AEE08D288 /* SaleSecretaryTests.xctest */ = {isa = PBXFileReference; explicitFileType = wrapper.cfbundle; includeInIndex = 0; path = SaleSecretaryTests.xctest; sourceTree = BUILT_PRODUCTS_DIR; };
		4E75E8F33B3F1B94561C76CE533E329A /* MessageListCell.xib */ = {isa = PBXFileReference; fileEncoding = 4; lastKnownFileType = file.xib; path = MessageListCell.xib; sourceTree = "<group>"; };
		523881837A69778310643A65B3F29D96 /* SMSUIViewController.swift */ = {isa = PBXFileReference; fileEncoding = 4; lastKnownFileType = sourcecode.swift; path = SMSUIViewController.swift; sourceTree = "<group>"; };
		5EFF07A861B596FBF6B58926BCD4CB27 /* MessageViewController.swift */ = {isa = PBXFileReference; fileEncoding = 4; lastKnownFileType = sourcecode.swift; path = MessageViewController.swift; sourceTree = "<group>"; };
		6615BF531F33F9A60052879B /* CustomSMSViewController.swift */ = {isa = PBXFileReference; fileEncoding = 4; lastKnownFileType = sourcecode.swift; path = CustomSMSViewController.swift; sourceTree = "<group>"; };
		6615BF581F3413210052879B /* ContactTableViewController.swift */ = {isa = PBXFileReference; fileEncoding = 4; lastKnownFileType = sourcecode.swift; path = ContactTableViewController.swift; sourceTree = "<group>"; };
		6615BF611F3413420052879B /* CustomerHeaderView.swift */ = {isa = PBXFileReference; fileEncoding = 4; lastKnownFileType = sourcecode.swift; path = CustomerHeaderView.swift; sourceTree = "<group>"; };
		6615BF691F34134C0052879B /* customerList.plist */ = {isa = PBXFileReference; fileEncoding = 4; lastKnownFileType = text.plist.xml; path = customerList.plist; sourceTree = "<group>"; };
		6615BF6A1F34134C0052879B /* CustomerModel.swift */ = {isa = PBXFileReference; fileEncoding = 4; lastKnownFileType = sourcecode.swift; path = CustomerModel.swift; sourceTree = "<group>"; };
		6615BF6D1F3413EA0052879B /* TableViewCell.swift */ = {isa = PBXFileReference; fileEncoding = 4; lastKnownFileType = sourcecode.swift; path = TableViewCell.swift; sourceTree = "<group>"; };
		662D6A471F3177BA001C1FB1 /* AddNewCustomersCell.xib */ = {isa = PBXFileReference; fileEncoding = 4; lastKnownFileType = file.xib; path = AddNewCustomersCell.xib; sourceTree = "<group>"; };
		66451F0B1F32C4C7009B65DD /* UIColor+Hex.swift */ = {isa = PBXFileReference; fileEncoding = 4; lastKnownFileType = sourcecode.swift; path = "UIColor+Hex.swift"; sourceTree = "<group>"; };
		66451F0D1F330DDD009B65DD /* AppellationCellView.xib */ = {isa = PBXFileReference; fileEncoding = 4; lastKnownFileType = file.xib; path = AppellationCellView.xib; sourceTree = "<group>"; };
		66451F0F1F331001009B65DD /* AppellationCellView.swift */ = {isa = PBXFileReference; fileEncoding = 4; lastKnownFileType = sourcecode.swift; path = AppellationCellView.swift; sourceTree = "<group>"; };
		66451F111F331E81009B65DD /* InscribeViewCell.xib */ = {isa = PBXFileReference; fileEncoding = 4; lastKnownFileType = file.xib; path = InscribeViewCell.xib; sourceTree = "<group>"; };
		66451F151F331F8E009B65DD /* InscribeViewCell.swift */ = {isa = PBXFileReference; fileEncoding = 4; lastKnownFileType = sourcecode.swift; path = InscribeViewCell.swift; sourceTree = "<group>"; };
		66451F171F332AB8009B65DD /* PlanExecTimeCellView.xib */ = {isa = PBXFileReference; fileEncoding = 4; lastKnownFileType = file.xib; path = PlanExecTimeCellView.xib; sourceTree = "<group>"; };
		66451F191F332D4E009B65DD /* PlanExecTimeCellView.swift */ = {isa = PBXFileReference; fileEncoding = 4; lastKnownFileType = sourcecode.swift; path = PlanExecTimeCellView.swift; sourceTree = "<group>"; };
		6647E8BD1F39C4F80053AFF3 /* PhoneSMSViewContronller.swift */ = {isa = PBXFileReference; fileEncoding = 4; lastKnownFileType = sourcecode.swift; path = PhoneSMSViewContronller.swift; sourceTree = "<group>"; };
		6647E8BE1F39C4F80053AFF3 /* SMSPreviewController.swift */ = {isa = PBXFileReference; fileEncoding = 4; lastKnownFileType = sourcecode.swift; path = SMSPreviewController.swift; sourceTree = "<group>"; };
		6647E8C21F39C6160053AFF3 /* CommonSMSTableCell.swift */ = {isa = PBXFileReference; fileEncoding = 4; lastKnownFileType = sourcecode.swift; path = CommonSMSTableCell.swift; sourceTree = "<group>"; };
		6647E8C41F39C63B0053AFF3 /* SMSContentTextCell.swift */ = {isa = PBXFileReference; fileEncoding = 4; lastKnownFileType = sourcecode.swift; path = SMSContentTextCell.swift; sourceTree = "<group>"; };
		6647E8C51F39C63B0053AFF3 /* SMSContentTextCell.xib */ = {isa = PBXFileReference; fileEncoding = 4; lastKnownFileType = file.xib; path = SMSContentTextCell.xib; sourceTree = "<group>"; };
		6647E8C81F3AEDCE0053AFF3 /* NetworkUtils.swift */ = {isa = PBXFileReference; fileEncoding = 4; lastKnownFileType = sourcecode.swift; path = NetworkUtils.swift; sourceTree = "<group>"; };
		6647E8CA1F3AFEE80053AFF3 /* SaleSecretary-Bridging-Header.h */ = {isa = PBXFileReference; lastKnownFileType = sourcecode.c.h; path = "SaleSecretary-Bridging-Header.h"; sourceTree = "<group>"; };
		6647E8CB1F3AFEE90053AFF3 /* CryptoHeader.m */ = {isa = PBXFileReference; fileEncoding = 4; lastKnownFileType = sourcecode.c.objc; path = CryptoHeader.m; sourceTree = "<group>"; };
		664B998D1F3DA8CB00968AA5 /* SMSTemplate.swift */ = {isa = PBXFileReference; fileEncoding = 4; lastKnownFileType = sourcecode.swift; path = SMSTemplate.swift; sourceTree = "<group>"; };
		664B998F1F3DB92400968AA5 /* zh-Hans */ = {isa = PBXFileReference; lastKnownFileType = text.plist.strings; name = "zh-Hans"; path = "zh-Hans.lproj/Main.strings"; sourceTree = "<group>"; };
		664B99901F3DB92400968AA5 /* zh-Hans */ = {isa = PBXFileReference; lastKnownFileType = text.plist.strings; name = "zh-Hans"; path = "zh-Hans.lproj/LaunchScreen.strings"; sourceTree = "<group>"; };
		664B999B1F3DBE5700968AA5 /* Base */ = {isa = PBXFileReference; lastKnownFileType = text.plist.strings; name = Base; path = Base.lproj/InfoPlist.strings; sourceTree = "<group>"; };
		664B999D1F3DBE5900968AA5 /* en */ = {isa = PBXFileReference; lastKnownFileType = text.plist.strings; name = en; path = en.lproj/InfoPlist.strings; sourceTree = "<group>"; };
		664B999E1F3DBE5A00968AA5 /* zh-Hans */ = {isa = PBXFileReference; lastKnownFileType = text.plist.strings; name = "zh-Hans"; path = "zh-Hans.lproj/InfoPlist.strings"; sourceTree = "<group>"; };
		66AB59081F3C65E8005FB30F /* ico_make.png */ = {isa = PBXFileReference; lastKnownFileType = image.png; path = ico_make.png; sourceTree = "<group>"; };
		66AB59091F3C65E8005FB30F /* JSDropDownMenu.h */ = {isa = PBXFileReference; fileEncoding = 4; lastKnownFileType = sourcecode.c.h; path = JSDropDownMenu.h; sourceTree = "<group>"; };
		66AB590A1F3C65E8005FB30F /* JSDropDownMenu.m */ = {isa = PBXFileReference; fileEncoding = 4; lastKnownFileType = sourcecode.c.objc; path = JSDropDownMenu.m; sourceTree = "<group>"; };
		66AB590D1F3C65FA005FB30F /* TemplateSelectorController.swift */ = {isa = PBXFileReference; fileEncoding = 4; lastKnownFileType = sourcecode.swift; path = TemplateSelectorController.swift; sourceTree = "<group>"; };
		66AB590F1F3C6607005FB30F /* Month.swift */ = {isa = PBXFileReference; fileEncoding = 4; lastKnownFileType = sourcecode.swift; path = Month.swift; sourceTree = "<group>"; };
		66AB59111F3D53AB005FB30F /* Extensions.swift */ = {isa = PBXFileReference; fileEncoding = 4; lastKnownFileType = sourcecode.swift; path = Extensions.swift; sourceTree = "<group>"; };
		66AB59141F3D54F2005FB30F /* CollapsibleTableViewCell.swift */ = {isa = PBXFileReference; fileEncoding = 4; lastKnownFileType = sourcecode.swift; path = CollapsibleTableViewCell.swift; sourceTree = "<group>"; };
		66AB59151F3D54F2005FB30F /* CollapsibleTableViewHeader.swift */ = {isa = PBXFileReference; fileEncoding = 4; lastKnownFileType = sourcecode.swift; path = CollapsibleTableViewHeader.swift; sourceTree = "<group>"; };
		66B602EF1F2F043E002A55E6 /* SMSListViewCell.swift */ = {isa = PBXFileReference; fileEncoding = 4; lastKnownFileType = sourcecode.swift; path = SMSListViewCell.swift; sourceTree = "<group>"; };
		66B602F11F2F074A002A55E6 /* SMSListViewCell.xib */ = {isa = PBXFileReference; fileEncoding = 4; lastKnownFileType = file.xib; path = SMSListViewCell.xib; sourceTree = "<group>"; };
		66B602F61F2F35CC002A55E6 /* SMSDetailView.xib */ = {isa = PBXFileReference; fileEncoding = 4; lastKnownFileType = file.xib; path = SMSDetailView.xib; sourceTree = "<group>"; };
		66B602F81F2F3BA7002A55E6 /* SMSDetailView.swift */ = {isa = PBXFileReference; fileEncoding = 4; lastKnownFileType = sourcecode.swift; path = SMSDetailView.swift; sourceTree = "<group>"; };
		66B602FA1F301230002A55E6 /* SMSDetailController.swift */ = {isa = PBXFileReference; fileEncoding = 4; lastKnownFileType = sourcecode.swift; path = SMSDetailController.swift; sourceTree = "<group>"; };
		66B602FC1F302238002A55E6 /* Recipient.swift */ = {isa = PBXFileReference; fileEncoding = 4; lastKnownFileType = sourcecode.swift; path = Recipient.swift; sourceTree = "<group>"; };
		66BF592A1F3075E800154E8C /* SMSAddViewController.swift */ = {isa = PBXFileReference; fileEncoding = 4; lastKnownFileType = sourcecode.swift; path = SMSAddViewController.swift; sourceTree = "<group>"; };
		66C784B31F41B9140067B476 /* AipOcrSdk.framework */ = {isa = PBXFileReference; explicitFileType = wrapper.framework; path = AipOcrSdk.framework; sourceTree = BUILT_PRODUCTS_DIR; };
		66C784B71F41B9490067B476 /* AipBase.framework */ = {isa = PBXFileReference; lastKnownFileType = wrapper.framework; name = AipBase.framework; path = AipOcrSdk/AipBase.framework; sourceTree = "<group>"; };
		66C784B81F41B9490067B476 /* IdcardQuality.framework */ = {isa = PBXFileReference; lastKnownFileType = wrapper.framework; name = IdcardQuality.framework; path = AipOcrSdk/IdcardQuality.framework; sourceTree = "<group>"; };
		66C784C11F4527060067B476 /* QRScrollViewController.swift */ = {isa = PBXFileReference; fileEncoding = 4; lastKnownFileType = sourcecode.swift; path = QRScrollViewController.swift; sourceTree = "<group>"; };
		66C784D01F457F280067B476 /* aip.license */ = {isa = PBXFileReference; lastKnownFileType = file; path = aip.license; sourceTree = "<group>"; };
		66C784D21F457F440067B476 /* ScanResultViewController.swift */ = {isa = PBXFileReference; fileEncoding = 4; lastKnownFileType = sourcecode.swift; path = ScanResultViewController.swift; sourceTree = "<group>"; };
		66C784D41F457F550067B476 /* ScanResultCell.swift */ = {isa = PBXFileReference; fileEncoding = 4; lastKnownFileType = sourcecode.swift; path = ScanResultCell.swift; sourceTree = "<group>"; };
		66C784D51F457F550067B476 /* ScanResultCell.xib */ = {isa = PBXFileReference; fileEncoding = 4; lastKnownFileType = file.xib; path = ScanResultCell.xib; sourceTree = "<group>"; };
		66D3D0E11F31E7C2005347D0 /* CustomerSelectViewController.swift */ = {isa = PBXFileReference; fileEncoding = 4; lastKnownFileType = sourcecode.swift; path = CustomerSelectViewController.swift; sourceTree = "<group>"; };
		66F265401F30243100E9ECAB /* SMSMessage.swift */ = {isa = PBXFileReference; fileEncoding = 4; lastKnownFileType = sourcecode.swift; path = SMSMessage.swift; sourceTree = "<group>"; };
		6B1304CBBFB165B9BCE2C5264AB48FAF /* SaleSecretaryUITests.swift */ = {isa = PBXFileReference; lastKnownFileType = sourcecode.swift; path = SaleSecretaryUITests.swift; sourceTree = "<group>"; };
		6E0C8CE21F2EE0A90066885F /* MessageDetail.storyboard */ = {isa = PBXFileReference; fileEncoding = 4; lastKnownFileType = file.storyboard; path = MessageDetail.storyboard; sourceTree = "<group>"; };
		6E0C8CE41F2EE0B40066885F /* MessageDetailController.swift */ = {isa = PBXFileReference; fileEncoding = 4; lastKnownFileType = sourcecode.swift; path = MessageDetailController.swift; sourceTree = "<group>"; };
		6E0C8CE61F2EE0C20066885F /* MessageDetailCell.swift */ = {isa = PBXFileReference; fileEncoding = 4; lastKnownFileType = sourcecode.swift; path = MessageDetailCell.swift; sourceTree = "<group>"; };
		6E0C8CE71F2EE0C20066885F /* MessageDetailCell.xib */ = {isa = PBXFileReference; fileEncoding = 4; lastKnownFileType = file.xib; path = MessageDetailCell.xib; sourceTree = "<group>"; };
		6E20EC921F341B2B00A0F29E /* ChatDataSource.swift */ = {isa = PBXFileReference; fileEncoding = 4; lastKnownFileType = sourcecode.swift; path = ChatDataSource.swift; sourceTree = "<group>"; };
		6E20EC941F341B4500A0F29E /* MessageItem.swift */ = {isa = PBXFileReference; fileEncoding = 4; lastKnownFileType = sourcecode.swift; path = MessageItem.swift; sourceTree = "<group>"; };
		6E20EC961F341B5500A0F29E /* UserInfo.swift */ = {isa = PBXFileReference; fileEncoding = 4; lastKnownFileType = sourcecode.swift; path = UserInfo.swift; sourceTree = "<group>"; };
		6E20EC981F341B6C00A0F29E /* ChatViewCell.swift */ = {isa = PBXFileReference; fileEncoding = 4; lastKnownFileType = sourcecode.swift; path = ChatViewCell.swift; sourceTree = "<group>"; };
		6E20EC9A1F341B7D00A0F29E /* TableHeaderViewCell.swift */ = {isa = PBXFileReference; fileEncoding = 4; lastKnownFileType = sourcecode.swift; path = TableHeaderViewCell.swift; sourceTree = "<group>"; };
		6E20EC9B1F341B7D00A0F29E /* TableView.swift */ = {isa = PBXFileReference; fileEncoding = 4; lastKnownFileType = sourcecode.swift; path = TableView.swift; sourceTree = "<group>"; };
		6E20EC9E1F341B8D00A0F29E /* MessageChat.storyboard */ = {isa = PBXFileReference; fileEncoding = 4; lastKnownFileType = file.storyboard; path = MessageChat.storyboard; sourceTree = "<group>"; };
		6E20EC9F1F341B8D00A0F29E /* MessageChatController.swift */ = {isa = PBXFileReference; fileEncoding = 4; lastKnownFileType = sourcecode.swift; path = MessageChatController.swift; sourceTree = "<group>"; };
		6E20ECA31F341BCD00A0F29E /* xiaohua.png */ = {isa = PBXFileReference; lastKnownFileType = image.png; path = xiaohua.png; sourceTree = "<group>"; };
		6E20ECA41F341BCD00A0F29E /* xiaoming.png */ = {isa = PBXFileReference; lastKnownFileType = image.png; path = xiaoming.png; sourceTree = "<group>"; };
		6E20ECA71F341BD600A0F29E /* sz.png */ = {isa = PBXFileReference; lastKnownFileType = image.png; path = sz.png; sourceTree = "<group>"; };
		6E20ECAF1F39B3D300A0F29E /* MessageCache.swift */ = {isa = PBXFileReference; fileEncoding = 4; lastKnownFileType = sourcecode.swift; path = MessageCache.swift; sourceTree = "<group>"; };
		6E20ECB11F39B3DE00A0F29E /* MessageInfo.swift */ = {isa = PBXFileReference; fileEncoding = 4; lastKnownFileType = sourcecode.swift; path = MessageInfo.swift; sourceTree = "<group>"; };
		6E52D9841F458B560003305F /* ShareView.swift */ = {isa = PBXFileReference; fileEncoding = 4; lastKnownFileType = sourcecode.swift; path = ShareView.swift; sourceTree = "<group>"; };
		6EBAA5421F3C03240099DA89 /* MineViewCell.swift */ = {isa = PBXFileReference; fileEncoding = 4; lastKnownFileType = sourcecode.swift; path = MineViewCell.swift; sourceTree = "<group>"; };
		6EBAA5431F3C03240099DA89 /* MineViewCell.xib */ = {isa = PBXFileReference; fileEncoding = 4; lastKnownFileType = file.xib; path = MineViewCell.xib; sourceTree = "<group>"; };
		6EBAA54E1F3C2E480099DA89 /* MineInfoCell.swift */ = {isa = PBXFileReference; fileEncoding = 4; lastKnownFileType = sourcecode.swift; path = MineInfoCell.swift; sourceTree = "<group>"; };
		6EBAA5501F3C2E520099DA89 /* MineInfoCell.xib */ = {isa = PBXFileReference; fileEncoding = 4; lastKnownFileType = file.xib; path = MineInfoCell.xib; sourceTree = "<group>"; };
		6EBAA5601F3C43B50099DA89 /* WalletViewController.swift */ = {isa = PBXFileReference; fileEncoding = 4; lastKnownFileType = sourcecode.swift; path = WalletViewController.swift; sourceTree = "<group>"; };
		6EBAA5641F3C4AA40099DA89 /* MineView.storyboard */ = {isa = PBXFileReference; fileEncoding = 4; lastKnownFileType = file.storyboard; path = MineView.storyboard; sourceTree = "<group>"; };
		6EBAA5661F3C59340099DA89 /* WalletDetailController.swift */ = {isa = PBXFileReference; fileEncoding = 4; lastKnownFileType = sourcecode.swift; path = WalletDetailController.swift; sourceTree = "<group>"; };
		6EBAA5681F3C5B330099DA89 /* WalletDetailCell.swift */ = {isa = PBXFileReference; fileEncoding = 4; lastKnownFileType = sourcecode.swift; path = WalletDetailCell.swift; sourceTree = "<group>"; };
		6EBAA5691F3C5B330099DA89 /* WalletDetailCell.xib */ = {isa = PBXFileReference; fileEncoding = 4; lastKnownFileType = file.xib; path = WalletDetailCell.xib; sourceTree = "<group>"; };
		6EBAA56E1F3D5C190099DA89 /* BusinessRecordController.swift */ = {isa = PBXFileReference; fileEncoding = 4; lastKnownFileType = sourcecode.swift; path = BusinessRecordController.swift; sourceTree = "<group>"; };
		6EF19C5C1F3BF9E000646BCF /* MineUIViewController.swift */ = {isa = PBXFileReference; fileEncoding = 4; lastKnownFileType = sourcecode.swift; path = MineUIViewController.swift; sourceTree = "<group>"; };
		6EF2B7841F3EC7B400C808EE /* PayDetailController.swift */ = {isa = PBXFileReference; fileEncoding = 4; lastKnownFileType = sourcecode.swift; path = PayDetailController.swift; sourceTree = "<group>"; };
		6EF2B7861F3EC7F400C808EE /* PayViewController.swift */ = {isa = PBXFileReference; fileEncoding = 4; lastKnownFileType = sourcecode.swift; path = PayViewController.swift; sourceTree = "<group>"; };
		6EF2B7881F3ECB1D00C808EE /* PayDetailCell.swift */ = {isa = PBXFileReference; fileEncoding = 4; lastKnownFileType = sourcecode.swift; path = PayDetailCell.swift; sourceTree = "<group>"; };
		6EF2B7891F3ECB1D00C808EE /* PayDetailCell.xib */ = {isa = PBXFileReference; fileEncoding = 4; lastKnownFileType = file.xib; path = PayDetailCell.xib; sourceTree = "<group>"; };
		6EF2B78E1F41390B00C808EE /* UserManageViewController.swift */ = {isa = PBXFileReference; fileEncoding = 4; lastKnownFileType = sourcecode.swift; path = UserManageViewController.swift; sourceTree = "<group>"; };
		6EF2B7941F418E8600C808EE /* UserManageHeaderView.swift */ = {isa = PBXFileReference; fileEncoding = 4; lastKnownFileType = sourcecode.swift; path = UserManageHeaderView.swift; sourceTree = "<group>"; };
		6EF2B7961F419F1600C808EE /* userList.plist */ = {isa = PBXFileReference; fileEncoding = 4; lastKnownFileType = text.plist.xml; path = userList.plist; sourceTree = "<group>"; };
		6EF2B7981F419FC400C808EE /* Usermodel.swift */ = {isa = PBXFileReference; fileEncoding = 4; lastKnownFileType = sourcecode.swift; path = Usermodel.swift; sourceTree = "<group>"; };
		6EF5B6FE1F4452D3001B0A77 /* FindPwdViewController.swift */ = {isa = PBXFileReference; fileEncoding = 4; lastKnownFileType = sourcecode.swift; path = FindPwdViewController.swift; sourceTree = "<group>"; };
		6EF5B7001F4452E9001B0A77 /* Login.storyboard */ = {isa = PBXFileReference; fileEncoding = 4; lastKnownFileType = file.storyboard; path = Login.storyboard; sourceTree = "<group>"; };
		6EF5B7011F4452E9001B0A77 /* LoginViewController.swift */ = {isa = PBXFileReference; fileEncoding = 4; lastKnownFileType = sourcecode.swift; path = LoginViewController.swift; sourceTree = "<group>"; };
		6EF5B7021F4452E9001B0A77 /* RegisterViewController.swift */ = {isa = PBXFileReference; fileEncoding = 4; lastKnownFileType = sourcecode.swift; path = RegisterViewController.swift; sourceTree = "<group>"; };
		6EF5B7261F4582C1001B0A77 /* ExitViewCell.swift */ = {isa = PBXFileReference; fileEncoding = 4; lastKnownFileType = sourcecode.swift; path = ExitViewCell.swift; sourceTree = "<group>"; };
		6EF5B7271F4582C1001B0A77 /* ExitViewCell.xib */ = {isa = PBXFileReference; fileEncoding = 4; lastKnownFileType = file.xib; path = ExitViewCell.xib; sourceTree = "<group>"; };
		6EF5B72A1F4582D0001B0A77 /* HelpViewController.swift */ = {isa = PBXFileReference; fileEncoding = 4; lastKnownFileType = sourcecode.swift; path = HelpViewController.swift; sourceTree = "<group>"; };
		6EF5B72E1F4582E5001B0A77 /* SetViewController.swift */ = {isa = PBXFileReference; fileEncoding = 4; lastKnownFileType = sourcecode.swift; path = SetViewController.swift; sourceTree = "<group>"; };
		96CFA79C8767534862334D7C /* Pods_SaleSecretary.framework */ = {isa = PBXFileReference; explicitFileType = wrapper.framework; includeInIndex = 0; path = Pods_SaleSecretary.framework; sourceTree = BUILT_PRODUCTS_DIR; };
		B427303374369F3F694A3E88B024FF52 /* SaleSecretary.xcdatamodel */ = {isa = PBXFileReference; lastKnownFileType = wrapper.xcdatamodel; path = SaleSecretary.xcdatamodel; sourceTree = "<group>"; };
		B45CD96F7DFFD87860F121A1A9F14848 /* ViewController.swift */ = {isa = PBXFileReference; lastKnownFileType = sourcecode.swift; path = ViewController.swift; sourceTree = "<group>"; };
		B5110A908A25F067CDF103F926B2627C /* Info.plist */ = {isa = PBXFileReference; lastKnownFileType = text.plist.xml; path = Info.plist; sourceTree = "<group>"; };
		B78013FA05C85654B14C93F66423543A /* SaleSecretary.app */ = {isa = PBXFileReference; explicitFileType = wrapper.application; includeInIndex = 0; path = SaleSecretary.app; sourceTree = BUILT_PRODUCTS_DIR; };
		C44B64C515E9205C02855331FBB73F3F /* Base */ = {isa = PBXFileReference; lastKnownFileType = file.storyboard; name = Base; path = Base.lproj/Main.storyboard; sourceTree = "<group>"; };
		C6ADDA7123B0C31E576BB48B /* Pods-SaleSecretary.release.xcconfig */ = {isa = PBXFileReference; includeInIndex = 1; lastKnownFileType = text.xcconfig; name = "Pods-SaleSecretary.release.xcconfig"; path = "Pods/Target Support Files/Pods-SaleSecretary/Pods-SaleSecretary.release.xcconfig"; sourceTree = "<group>"; };
		D371670FE9B8DBB273DF1F7BA7CDCAB4 /* SaleSecretaryUITests.xctest */ = {isa = PBXFileReference; explicitFileType = wrapper.cfbundle; includeInIndex = 0; path = SaleSecretaryUITests.xctest; sourceTree = BUILT_PRODUCTS_DIR; };
		D600CFAFAE0B824ECFF06CA2EEDB46DF /* SMSView.storyboard */ = {isa = PBXFileReference; fileEncoding = 4; lastKnownFileType = file.storyboard; path = SMSView.storyboard; sourceTree = "<group>"; };
		D9F3B5FF5B6840C01FE98AB14DBF66A9 /* ToolsUIViewController.swift */ = {isa = PBXFileReference; fileEncoding = 4; lastKnownFileType = sourcecode.swift; path = ToolsUIViewController.swift; sourceTree = "<group>"; };
		DC5DE7BB98E8B43BBAFCD9F6E6D94AC0 /* Base */ = {isa = PBXFileReference; lastKnownFileType = file.storyboard; name = Base; path = Base.lproj/LaunchScreen.storyboard; sourceTree = "<group>"; };
		E05D3EF5639A9140AFEB3E73C399202E /* MessageListCell.swift */ = {isa = PBXFileReference; fileEncoding = 4; lastKnownFileType = sourcecode.swift; path = MessageListCell.swift; sourceTree = "<group>"; };
		E1D47ACF391485904A172658C073C4CF /* AppDelegate.swift */ = {isa = PBXFileReference; lastKnownFileType = sourcecode.swift; path = AppDelegate.swift; sourceTree = "<group>"; };
		E75435731F34640E00BDE8C6 /* CustomerPopUpView.swift */ = {isa = PBXFileReference; fileEncoding = 4; lastKnownFileType = sourcecode.swift; path = CustomerPopUpView.swift; sourceTree = "<group>"; };
		E75435751F3542AE00BDE8C6 /* ContactMessageViewController.swift */ = {isa = PBXFileReference; fileEncoding = 4; lastKnownFileType = sourcecode.swift; path = ContactMessageViewController.swift; sourceTree = "<group>"; };
		E754DC901F3D4E3D0025DBBE /* ContactStoryboard.storyboard */ = {isa = PBXFileReference; fileEncoding = 4; lastKnownFileType = file.storyboard; path = ContactStoryboard.storyboard; sourceTree = "<group>"; };
		E754DC911F3D4E3D0025DBBE /* CTAddNewTableViewController.swift */ = {isa = PBXFileReference; fileEncoding = 4; lastKnownFileType = sourcecode.swift; path = CTAddNewTableViewController.swift; sourceTree = "<group>"; };
		E754DC921F3D4E3D0025DBBE /* CTChooseNewerController.swift */ = {isa = PBXFileReference; fileEncoding = 4; lastKnownFileType = sourcecode.swift; path = CTChooseNewerController.swift; sourceTree = "<group>"; };
		E754DC961F3D4E4B0025DBBE /* AddNewCustomerCell.swift */ = {isa = PBXFileReference; fileEncoding = 4; lastKnownFileType = sourcecode.swift; path = AddNewCustomerCell.swift; sourceTree = "<group>"; };
		E754DC981F3D4E5A0025DBBE /* GetContactUtils.swift */ = {isa = PBXFileReference; fileEncoding = 4; lastKnownFileType = sourcecode.swift; path = GetContactUtils.swift; sourceTree = "<group>"; };
		E7B2A26D1F39FE76001D8C61 /* CTCustomerDetailInfoViewController.swift */ = {isa = PBXFileReference; fileEncoding = 4; lastKnownFileType = sourcecode.swift; path = CTCustomerDetailInfoViewController.swift; sourceTree = "<group>"; };
		E7B2A26E1F39FE76001D8C61 /* CTInfoViewController.swift */ = {isa = PBXFileReference; fileEncoding = 4; lastKnownFileType = sourcecode.swift; path = CTInfoViewController.swift; sourceTree = "<group>"; };
		E7B2A26F1F39FE76001D8C61 /* CTrailViewController.swift */ = {isa = PBXFileReference; fileEncoding = 4; lastKnownFileType = sourcecode.swift; path = CTrailViewController.swift; sourceTree = "<group>"; };
		E7B2A2731F39FE97001D8C61 /* CTCustomerDetailInfoView.swift */ = {isa = PBXFileReference; fileEncoding = 4; lastKnownFileType = sourcecode.swift; path = CTCustomerDetailInfoView.swift; sourceTree = "<group>"; };
		E7D2ABD11F457AA4000123A5 /* Models.swift */ = {isa = PBXFileReference; fileEncoding = 4; lastKnownFileType = sourcecode.swift; path = Models.swift; sourceTree = "<group>"; };
		E7D2ABD31F457AC7000123A5 /* PersonContactCell.swift */ = {isa = PBXFileReference; fileEncoding = 4; lastKnownFileType = sourcecode.swift; path = PersonContactCell.swift; sourceTree = "<group>"; };
		E7D2ABD41F457AC7000123A5 /* PersonContactCell.xib */ = {isa = PBXFileReference; fileEncoding = 4; lastKnownFileType = file.xib; path = PersonContactCell.xib; sourceTree = "<group>"; };
		E7D2ABD51F457AC7000123A5 /* TableViewCell.xib */ = {isa = PBXFileReference; fileEncoding = 4; lastKnownFileType = file.xib; path = TableViewCell.xib; sourceTree = "<group>"; };
		E7D2ABDA1F457B00000123A5 /* CustomerDBOp.swift */ = {isa = PBXFileReference; fileEncoding = 4; lastKnownFileType = sourcecode.swift; path = CustomerDBOp.swift; sourceTree = "<group>"; };
		E7D2ABDC1F457B14000123A5 /* DateFormatterUtils.swift */ = {isa = PBXFileReference; fileEncoding = 4; lastKnownFileType = sourcecode.swift; path = DateFormatterUtils.swift; sourceTree = "<group>"; };
		E9B097EE912BE08E90307C3D5DBEAA47 /* SaleSecretaryTests.swift */ = {isa = PBXFileReference; lastKnownFileType = sourcecode.swift; path = SaleSecretaryTests.swift; sourceTree = "<group>"; };
		F62447EA9409681F76292A514C7312A9 /* Info.plist */ = {isa = PBXFileReference; lastKnownFileType = text.plist.xml; path = Info.plist; sourceTree = "<group>"; };
		FB20A214877D05C6E7E1ECF3F9E4A391 /* Info.plist */ = {isa = PBXFileReference; lastKnownFileType = text.plist.xml; path = Info.plist; sourceTree = "<group>"; };
/* End PBXFileReference section */

/* Begin PBXFrameworksBuildPhase section */
		0CC4486DEC35379F58B3427F48437FA2 /* Frameworks */ = {
			isa = PBXFrameworksBuildPhase;
			buildActionMask = 2147483647;
			files = (
			);
			runOnlyForDeploymentPostprocessing = 0;
		};
		25943149E5EF01482E39A7058C7FC7D9 /* Frameworks */ = {
			isa = PBXFrameworksBuildPhase;
			buildActionMask = 2147483647;
			files = (
			);
			runOnlyForDeploymentPostprocessing = 0;
		};
		6493E279780C01D67448A468CD8F5328 /* Frameworks */ = {
			isa = PBXFrameworksBuildPhase;
			buildActionMask = 2147483647;
			files = (
				66C784BB1F41B95B0067B476 /* AipBase.framework in Frameworks */,
				8F857D8EE568B6B553022CDE /* Pods_SaleSecretary.framework in Frameworks */,
				66C784B41F41B9140067B476 /* AipOcrSdk.framework in Frameworks */,
				66C784BD1F41B95B0067B476 /* IdcardQuality.framework in Frameworks */,
			);
			runOnlyForDeploymentPostprocessing = 0;
		};
/* End PBXFrameworksBuildPhase section */

/* Begin PBXGroup section */
		0CDBCAFFFDB1BD9128254835506150B5 /* Products */ = {
			isa = PBXGroup;
			children = (
				B78013FA05C85654B14C93F66423543A /* SaleSecretary.app */,
				3B50DBFE5619E6ECC0F0893AEE08D288 /* SaleSecretaryTests.xctest */,
				D371670FE9B8DBB273DF1F7BA7CDCAB4 /* SaleSecretaryUITests.xctest */,
			);
			name = Products;
			sourceTree = "<group>";
		};
		0EA0B277261348029FDB9BAE2CF16043 /* SaleSecretary */ = {
			isa = PBXGroup;
			children = (
				6EF5B6FA1F44528F001B0A77 /* Login */,
				6EF19C581F3BF47800646BCF /* Mine */,
				662D6A451F317755001C1FB1 /* Contacts */,
				66B602F31F2F25F9002A55E6 /* Others */,
				2F673B09140D61E9954FB873D91AF82C /* Main */,
				C5DB8245E853880567A8AA818CFA3A83 /* Message */,
				353CBCFE5817ABE2C74E225413D69D8F /* Tools */,
				E1D47ACF391485904A172658C073C4CF /* AppDelegate.swift */,
				1F3ED2E7C36C4CC96B9B25E5F44BB6DC /* Assets.xcassets */,
				FB20A214877D05C6E7E1ECF3F9E4A391 /* Info.plist */,
				66C784D01F457F280067B476 /* aip.license */,
				E91976E222A3B14574B6924020DD4A84 /* LaunchScreen.storyboard */,
				372EFD95BCC4506D668112468A0C6F18 /* SaleSecretary.xcdatamodeld */,
				664B999C1F3DBE5700968AA5 /* InfoPlist.strings */,
			);
			path = SaleSecretary;
			sourceTree = "<group>";
		};
		109CF3EC5FBDD447063E3847B6FB7B07 = {
			isa = PBXGroup;
			children = (
				0CDBCAFFFDB1BD9128254835506150B5 /* Products */,
				0EA0B277261348029FDB9BAE2CF16043 /* SaleSecretary */,
				C819ABF84D749EE4831554CAFEBAA9B2 /* SaleSecretaryTests */,
				84EC0D867B218897AF0A38187FBB3D20 /* SaleSecretaryUITests */,
				4EB617445DA5182D7E158540 /* Pods */,
				ED61F7C3F779D5B99C70346E /* Frameworks */,
			);
			sourceTree = "<group>";
		};
		2F673B09140D61E9954FB873D91AF82C /* Main */ = {
			isa = PBXGroup;
			children = (
				9F42C0D310E85E7E56A0DE055E19EE8D /* Controller */,
				334FA7D8DDBF4687976EF258B32793F5 /* Model */,
				C088F1DA3C61109B9D3BF6ED150B5427 /* View */,
			);
			name = Main;
			sourceTree = "<group>";
		};
		334FA7D8DDBF4687976EF258B32793F5 /* Model */ = {
			isa = PBXGroup;
			children = (
			);
			name = Model;
			sourceTree = "<group>";
		};
		335AFE1AFF613A74F03B490AE40CED3B /* View */ = {
			isa = PBXGroup;
			children = (
				66C784D41F457F550067B476 /* ScanResultCell.swift */,
				66C784D51F457F550067B476 /* ScanResultCell.xib */,
				6647E8C41F39C63B0053AFF3 /* SMSContentTextCell.swift */,
				6647E8C51F39C63B0053AFF3 /* SMSContentTextCell.xib */,
				1388E83064119789E4E2181C9871C9F6 /* ToolCellView.swift */,
				1EDAEF18CBA6F23688F9247911F93EDF /* ToolCellView.xib */,
				66B602EF1F2F043E002A55E6 /* SMSListViewCell.swift */,
				66B602F11F2F074A002A55E6 /* SMSListViewCell.xib */,
				66B602F61F2F35CC002A55E6 /* SMSDetailView.xib */,
				66B602F81F2F3BA7002A55E6 /* SMSDetailView.swift */,
				66451F0D1F330DDD009B65DD /* AppellationCellView.xib */,
				66451F0F1F331001009B65DD /* AppellationCellView.swift */,
				66451F111F331E81009B65DD /* InscribeViewCell.xib */,
				66451F151F331F8E009B65DD /* InscribeViewCell.swift */,
				66451F171F332AB8009B65DD /* PlanExecTimeCellView.xib */,
				66451F191F332D4E009B65DD /* PlanExecTimeCellView.swift */,
			);
			name = View;
			sourceTree = "<group>";
		};
		353CBCFE5817ABE2C74E225413D69D8F /* Tools */ = {
			isa = PBXGroup;
			children = (
				6647E8C11F39C5D80053AFF3 /* Common */,
				C8FADB2F97F8DCCFB2573A6DC4E39CB6 /* Controller */,
				77D28E5543C148C1D2B03F577CBA0F88 /* Model */,
				335AFE1AFF613A74F03B490AE40CED3B /* View */,
			);
			name = Tools;
			sourceTree = "<group>";
		};
		38219B296459F1D229EAB903EB8BBE63 /* Controller */ = {
			isa = PBXGroup;
			children = (
				6E20EC9E1F341B8D00A0F29E /* MessageChat.storyboard */,
				6E20EC9F1F341B8D00A0F29E /* MessageChatController.swift */,
				6E0C8CE41F2EE0B40066885F /* MessageDetailController.swift */,
				6E0C8CE21F2EE0A90066885F /* MessageDetail.storyboard */,
				5EFF07A861B596FBF6B58926BCD4CB27 /* MessageViewController.swift */,
			);
			name = Controller;
			sourceTree = "<group>";
		};
		4EB617445DA5182D7E158540 /* Pods */ = {
			isa = PBXGroup;
			children = (
				2C6A867B230F110B4E0648AC /* Pods-SaleSecretary.debug.xcconfig */,
				C6ADDA7123B0C31E576BB48B /* Pods-SaleSecretary.release.xcconfig */,
			);
			name = Pods;
			sourceTree = "<group>";
		};
		6615BF551F3412EF0052879B /* Controller */ = {
			isa = PBXGroup;
			children = (
				E754DC901F3D4E3D0025DBBE /* ContactStoryboard.storyboard */,
				E754DC911F3D4E3D0025DBBE /* CTAddNewTableViewController.swift */,
				E754DC921F3D4E3D0025DBBE /* CTChooseNewerController.swift */,
				E7B2A26D1F39FE76001D8C61 /* CTCustomerDetailInfoViewController.swift */,
				E7B2A26E1F39FE76001D8C61 /* CTInfoViewController.swift */,
				E7B2A26F1F39FE76001D8C61 /* CTrailViewController.swift */,
				6615BF581F3413210052879B /* ContactTableViewController.swift */,
				E75435751F3542AE00BDE8C6 /* ContactMessageViewController.swift */,
			);
			name = Controller;
			sourceTree = "<group>";
		};
		6615BF561F3412FB0052879B /* Model */ = {
			isa = PBXGroup;
			children = (
				E7D2ABD11F457AA4000123A5 /* Models.swift */,
				6615BF691F34134C0052879B /* customerList.plist */,
				6615BF6A1F34134C0052879B /* CustomerModel.swift */,
			);
			name = Model;
			sourceTree = "<group>";
		};
		662D6A451F317755001C1FB1 /* Contacts */ = {
			isa = PBXGroup;
			children = (
				E7D2ABD91F457AE5000123A5 /* DB */,
				6615BF561F3412FB0052879B /* Model */,
				6615BF551F3412EF0052879B /* Controller */,
				662D6A461F317781001C1FB1 /* View */,
			);
			name = Contacts;
			sourceTree = "<group>";
		};
		662D6A461F317781001C1FB1 /* View */ = {
			isa = PBXGroup;
			children = (
				E7D2ABD31F457AC7000123A5 /* PersonContactCell.swift */,
				E7D2ABD41F457AC7000123A5 /* PersonContactCell.xib */,
				E7D2ABD51F457AC7000123A5 /* TableViewCell.xib */,
				E754DC961F3D4E4B0025DBBE /* AddNewCustomerCell.swift */,
				E7B2A2731F39FE97001D8C61 /* CTCustomerDetailInfoView.swift */,
				6615BF6D1F3413EA0052879B /* TableViewCell.swift */,
				6615BF611F3413420052879B /* CustomerHeaderView.swift */,
				662D6A471F3177BA001C1FB1 /* AddNewCustomersCell.xib */,
				E75435731F34640E00BDE8C6 /* CustomerPopUpView.swift */,
			);
			name = View;
			sourceTree = "<group>";
		};
		6647E8C11F39C5D80053AFF3 /* Common */ = {
			isa = PBXGroup;
			children = (
				6647E8C21F39C6160053AFF3 /* CommonSMSTableCell.swift */,
			);
			name = Common;
			sourceTree = "<group>";
		};
		66AB59071F3C65CE005FB30F /* JSDropDownMenu */ = {
			isa = PBXGroup;
			children = (
				66AB59081F3C65E8005FB30F /* ico_make.png */,
				66AB59091F3C65E8005FB30F /* JSDropDownMenu.h */,
				66AB590A1F3C65E8005FB30F /* JSDropDownMenu.m */,
			);
			name = JSDropDownMenu;
			sourceTree = "<group>";
		};
		66AB59131F3D54AF005FB30F /* CollapsibleTableView */ = {
			isa = PBXGroup;
			children = (
				66AB59141F3D54F2005FB30F /* CollapsibleTableViewCell.swift */,
				66AB59151F3D54F2005FB30F /* CollapsibleTableViewHeader.swift */,
			);
			name = CollapsibleTableView;
			sourceTree = "<group>";
		};
		66B602F31F2F25F9002A55E6 /* Others */ = {
			isa = PBXGroup;
			children = (
				E7D2ABDC1F457B14000123A5 /* DateFormatterUtils.swift */,
				66AB59131F3D54AF005FB30F /* CollapsibleTableView */,
				E754DC981F3D4E5A0025DBBE /* GetContactUtils.swift */,
				66AB59071F3C65CE005FB30F /* JSDropDownMenu */,
				66451F0B1F32C4C7009B65DD /* UIColor+Hex.swift */,
				6647E8C81F3AEDCE0053AFF3 /* NetworkUtils.swift */,
				6647E8CB1F3AFEE90053AFF3 /* CryptoHeader.m */,
				6647E8CA1F3AFEE80053AFF3 /* SaleSecretary-Bridging-Header.h */,
				66AB59111F3D53AB005FB30F /* Extensions.swift */,
			);
			name = Others;
			sourceTree = "<group>";
		};
		6E20ECA21F341BB000A0F29E /* images */ = {
			isa = PBXGroup;
			children = (
				6E20ECA71F341BD600A0F29E /* sz.png */,
				6E20ECA31F341BCD00A0F29E /* xiaohua.png */,
				6E20ECA41F341BCD00A0F29E /* xiaoming.png */,
			);
			name = images;
			sourceTree = "<group>";
		};
		6EF19C581F3BF47800646BCF /* Mine */ = {
			isa = PBXGroup;
			children = (
				6EF19C5B1F3BF4CC00646BCF /* View */,
				6EF19C5A1F3BF4C000646BCF /* Model */,
				6EF19C591F3BF4AB00646BCF /* Controller */,
			);
			name = Mine;
			sourceTree = "<group>";
		};
		6EF19C591F3BF4AB00646BCF /* Controller */ = {
			isa = PBXGroup;
			children = (
				6EF5B72E1F4582E5001B0A77 /* SetViewController.swift */,
				6EF5B72A1F4582D0001B0A77 /* HelpViewController.swift */,
				6EBAA56E1F3D5C190099DA89 /* BusinessRecordController.swift */,
				6EF19C5C1F3BF9E000646BCF /* MineUIViewController.swift */,
				6EBAA5601F3C43B50099DA89 /* WalletViewController.swift */,
				6EBAA5641F3C4AA40099DA89 /* MineView.storyboard */,
				6EBAA5661F3C59340099DA89 /* WalletDetailController.swift */,
				6EF2B7841F3EC7B400C808EE /* PayDetailController.swift */,
				6EF2B7861F3EC7F400C808EE /* PayViewController.swift */,
				6EF2B78E1F41390B00C808EE /* UserManageViewController.swift */,
			);
			name = Controller;
			sourceTree = "<group>";
		};
		6EF19C5A1F3BF4C000646BCF /* Model */ = {
			isa = PBXGroup;
			children = (
				6EF2B7961F419F1600C808EE /* userList.plist */,
				6EF2B7981F419FC400C808EE /* Usermodel.swift */,
			);
			name = Model;
			sourceTree = "<group>";
		};
		6EF19C5B1F3BF4CC00646BCF /* View */ = {
			isa = PBXGroup;
			children = (
				6EF5B7261F4582C1001B0A77 /* ExitViewCell.swift */,
				6EF5B7271F4582C1001B0A77 /* ExitViewCell.xib */,
				6EBAA5501F3C2E520099DA89 /* MineInfoCell.xib */,
				6EBAA54E1F3C2E480099DA89 /* MineInfoCell.swift */,
				6EBAA5421F3C03240099DA89 /* MineViewCell.swift */,
				6EBAA5431F3C03240099DA89 /* MineViewCell.xib */,
				6EBAA5681F3C5B330099DA89 /* WalletDetailCell.swift */,
				6EBAA5691F3C5B330099DA89 /* WalletDetailCell.xib */,
				6EF2B7881F3ECB1D00C808EE /* PayDetailCell.swift */,
				6EF2B7891F3ECB1D00C808EE /* PayDetailCell.xib */,
				6EF2B7941F418E8600C808EE /* UserManageHeaderView.swift */,
				6E52D9841F458B560003305F /* ShareView.swift */,
			);
			name = View;
			sourceTree = "<group>";
		};
		6EF5B6FA1F44528F001B0A77 /* Login */ = {
			isa = PBXGroup;
			children = (
				6EF5B6FD1F4452BC001B0A77 /* Controller */,
				6EF5B6FC1F4452B6001B0A77 /* Model */,
				6EF5B6FB1F4452A7001B0A77 /* View */,
			);
			name = Login;
			sourceTree = "<group>";
		};
		6EF5B6FB1F4452A7001B0A77 /* View */ = {
			isa = PBXGroup;
			children = (
			);
			name = View;
			sourceTree = "<group>";
		};
		6EF5B6FC1F4452B6001B0A77 /* Model */ = {
			isa = PBXGroup;
			children = (
			);
			name = Model;
			sourceTree = "<group>";
		};
		6EF5B6FD1F4452BC001B0A77 /* Controller */ = {
			isa = PBXGroup;
			children = (
				6EF5B7001F4452E9001B0A77 /* Login.storyboard */,
				6EF5B7011F4452E9001B0A77 /* LoginViewController.swift */,
				6EF5B7021F4452E9001B0A77 /* RegisterViewController.swift */,
				6EF5B6FE1F4452D3001B0A77 /* FindPwdViewController.swift */,
			);
			name = Controller;
			sourceTree = "<group>";
		};
		77D28E5543C148C1D2B03F577CBA0F88 /* Model */ = {
			isa = PBXGroup;
			children = (
				66AB590F1F3C6607005FB30F /* Month.swift */,
				66B602FC1F302238002A55E6 /* Recipient.swift */,
				66F265401F30243100E9ECAB /* SMSMessage.swift */,
				664B998D1F3DA8CB00968AA5 /* SMSTemplate.swift */,
			);
			name = Model;
			sourceTree = "<group>";
		};
		84EC0D867B218897AF0A38187FBB3D20 /* SaleSecretaryUITests */ = {
			isa = PBXGroup;
			children = (
				B5110A908A25F067CDF103F926B2627C /* Info.plist */,
				6B1304CBBFB165B9BCE2C5264AB48FAF /* SaleSecretaryUITests.swift */,
			);
			path = SaleSecretaryUITests;
			sourceTree = "<group>";
		};
		9F42C0D310E85E7E56A0DE055E19EE8D /* Controller */ = {
			isa = PBXGroup;
			children = (
			);
			name = Controller;
			sourceTree = "<group>";
		};
		C088F1DA3C61109B9D3BF6ED150B5427 /* View */ = {
			isa = PBXGroup;
			children = (
				03D25B800318496B626EE1356C773AA4 /* Main.storyboard */,
				B45CD96F7DFFD87860F121A1A9F14848 /* ViewController.swift */,
			);
			name = View;
			sourceTree = "<group>";
		};
		C5DB8245E853880567A8AA818CFA3A83 /* Message */ = {
			isa = PBXGroup;
			children = (
				6E20ECA21F341BB000A0F29E /* images */,
				38219B296459F1D229EAB903EB8BBE63 /* Controller */,
				D6C569A3304F1DE766B6A3CB9DE86D18 /* Model */,
				DECB3B49B2471C7E9EB1FAB06DEB0BDF /* View */,
			);
			name = Message;
			sourceTree = "<group>";
		};
		C819ABF84D749EE4831554CAFEBAA9B2 /* SaleSecretaryTests */ = {
			isa = PBXGroup;
			children = (
				F62447EA9409681F76292A514C7312A9 /* Info.plist */,
				E9B097EE912BE08E90307C3D5DBEAA47 /* SaleSecretaryTests.swift */,
			);
			path = SaleSecretaryTests;
			sourceTree = "<group>";
		};
		C8FADB2F97F8DCCFB2573A6DC4E39CB6 /* Controller */ = {
			isa = PBXGroup;
			children = (
				66C784D21F457F440067B476 /* ScanResultViewController.swift */,
				66C784C11F4527060067B476 /* QRScrollViewController.swift */,
				66AB590D1F3C65FA005FB30F /* TemplateSelectorController.swift */,
				6647E8BD1F39C4F80053AFF3 /* PhoneSMSViewContronller.swift */,
				6647E8BE1F39C4F80053AFF3 /* SMSPreviewController.swift */,
				523881837A69778310643A65B3F29D96 /* SMSUIViewController.swift */,
				D600CFAFAE0B824ECFF06CA2EEDB46DF /* SMSView.storyboard */,
				D9F3B5FF5B6840C01FE98AB14DBF66A9 /* ToolsUIViewController.swift */,
				66B602FA1F301230002A55E6 /* SMSDetailController.swift */,
				66BF592A1F3075E800154E8C /* SMSAddViewController.swift */,
				66D3D0E11F31E7C2005347D0 /* CustomerSelectViewController.swift */,
				6615BF531F33F9A60052879B /* CustomSMSViewController.swift */,
			);
			name = Controller;
			sourceTree = "<group>";
		};
		D6C569A3304F1DE766B6A3CB9DE86D18 /* Model */ = {
			isa = PBXGroup;
			children = (
				6E20ECB11F39B3DE00A0F29E /* MessageInfo.swift */,
				6E20ECAF1F39B3D300A0F29E /* MessageCache.swift */,
				6E20EC961F341B5500A0F29E /* UserInfo.swift */,
				6E20EC941F341B4500A0F29E /* MessageItem.swift */,
				6E20EC921F341B2B00A0F29E /* ChatDataSource.swift */,
			);
			name = Model;
			sourceTree = "<group>";
		};
		DECB3B49B2471C7E9EB1FAB06DEB0BDF /* View */ = {
			isa = PBXGroup;
			children = (
				6E20EC9A1F341B7D00A0F29E /* TableHeaderViewCell.swift */,
				6E20EC9B1F341B7D00A0F29E /* TableView.swift */,
				6E20EC981F341B6C00A0F29E /* ChatViewCell.swift */,
				6E0C8CE61F2EE0C20066885F /* MessageDetailCell.swift */,
				6E0C8CE71F2EE0C20066885F /* MessageDetailCell.xib */,
				E05D3EF5639A9140AFEB3E73C399202E /* MessageListCell.swift */,
				4E75E8F33B3F1B94561C76CE533E329A /* MessageListCell.xib */,
			);
			name = View;
			sourceTree = "<group>";
		};
		E7D2ABD91F457AE5000123A5 /* DB */ = {
			isa = PBXGroup;
			children = (
				E7D2ABDA1F457B00000123A5 /* CustomerDBOp.swift */,
			);
			name = DB;
			sourceTree = "<group>";
		};
		ED61F7C3F779D5B99C70346E /* Frameworks */ = {
			isa = PBXGroup;
			children = (
				66C784B71F41B9490067B476 /* AipBase.framework */,
				66C784B81F41B9490067B476 /* IdcardQuality.framework */,
				66C784B31F41B9140067B476 /* AipOcrSdk.framework */,
				96CFA79C8767534862334D7C /* Pods_SaleSecretary.framework */,
			);
			name = Frameworks;
			sourceTree = "<group>";
		};
/* End PBXGroup section */

/* Begin PBXNativeTarget section */
		5D9576533D7D7338A391E31418964354 /* SaleSecretary */ = {
			isa = PBXNativeTarget;
			buildConfigurationList = A97662B69FB217025AF5525631AB7437 /* Build configuration list for PBXNativeTarget "SaleSecretary" */;
			buildPhases = (
				D3B40FB781FAC46F9E416CEB /* [CP] Check Pods Manifest.lock */,
				B5314BFBB8148436A1FE46B96F2C9BED /* Sources */,
				6493E279780C01D67448A468CD8F5328 /* Frameworks */,
				C321DF94B9386C24B7C8ED20E409BFBF /* Resources */,
				1266F30E5F0DA10AA4C9CA82 /* [CP] Embed Pods Frameworks */,
				46B60D808C3762F9C6FC1B42 /* [CP] Copy Pods Resources */,
				66C784B61F41B9140067B476 /* Embed Frameworks */,
			);
			buildRules = (
			);
			dependencies = (
			);
			name = SaleSecretary;
			productName = SaleSecretary;
			productReference = B78013FA05C85654B14C93F66423543A /* SaleSecretary.app */;
			productType = "com.apple.product-type.application";
		};
		87D83AE7681EF3D1025F9F50065708F8 /* SaleSecretaryUITests */ = {
			isa = PBXNativeTarget;
			buildConfigurationList = 58C62DDCB08D7A6A27552FA0BBDF9C02 /* Build configuration list for PBXNativeTarget "SaleSecretaryUITests" */;
			buildPhases = (
				A3848645B168DFC54BA4118D1EB3ABE5 /* Sources */,
				0CC4486DEC35379F58B3427F48437FA2 /* Frameworks */,
				671262BAC08AB5B135C52A405C80BA92 /* Resources */,
			);
			buildRules = (
			);
			dependencies = (
				5038BBABD717A9C32689A65603A58382 /* PBXTargetDependency */,
			);
			name = SaleSecretaryUITests;
			productName = SaleSecretaryUITests;
			productReference = D371670FE9B8DBB273DF1F7BA7CDCAB4 /* SaleSecretaryUITests.xctest */;
			productType = "com.apple.product-type.bundle.ui-testing";
		};
		9BA9431FFF44352CCC311CB465BE7BD2 /* SaleSecretaryTests */ = {
			isa = PBXNativeTarget;
			buildConfigurationList = 88CD9089A66DE75132DB01BFADD09DEA /* Build configuration list for PBXNativeTarget "SaleSecretaryTests" */;
			buildPhases = (
				0699B6641036A632E6118A79E5EB50C3 /* Sources */,
				25943149E5EF01482E39A7058C7FC7D9 /* Frameworks */,
				1AF22C9DC725BF8EA63BE9D9A6DC6765 /* Resources */,
			);
			buildRules = (
			);
			dependencies = (
				EBB714B1CA725B18726A7C36D88D50BC /* PBXTargetDependency */,
			);
			name = SaleSecretaryTests;
			productName = SaleSecretaryTests;
			productReference = 3B50DBFE5619E6ECC0F0893AEE08D288 /* SaleSecretaryTests.xctest */;
			productType = "com.apple.product-type.bundle.unit-test";
		};
/* End PBXNativeTarget section */

/* Begin PBXProject section */
		97397EDA25754BD1B27A3933E6CC7083 /* Project object */ = {
			isa = PBXProject;
			attributes = {
				LastSwiftUpdateCheck = 0830;
				LastUpgradeCheck = 0830;
				ORGANIZATIONNAME = zjjy;
				TargetAttributes = {
					5D9576533D7D7338A391E31418964354 = {
						CreatedOnToolsVersion = 8.3.3;
						DevelopmentTeam = DY8NN2JBA9;
						LastSwiftMigration = 0830;
						ProvisioningStyle = Automatic;
					};
					87D83AE7681EF3D1025F9F50065708F8 = {
						CreatedOnToolsVersion = 8.3.3;
						ProvisioningStyle = Automatic;
						TestTargetID = 5D9576533D7D7338A391E31418964354;
					};
					9BA9431FFF44352CCC311CB465BE7BD2 = {
						CreatedOnToolsVersion = 8.3.3;
						ProvisioningStyle = Automatic;
						TestTargetID = 5D9576533D7D7338A391E31418964354;
					};
				};
			};
			buildConfigurationList = 6E24A456B9D4091FA402BB5626CC4FCA /* Build configuration list for PBXProject "SaleSecretary" */;
			compatibilityVersion = "Xcode 3.2";
			developmentRegion = English;
			hasScannedForEncodings = 0;
			knownRegions = (
				en,
				Base,
				"zh-Hans",
			);
			mainGroup = 109CF3EC5FBDD447063E3847B6FB7B07;
			productRefGroup = 0CDBCAFFFDB1BD9128254835506150B5 /* Products */;
			projectDirPath = "";
			projectRoot = "";
			targets = (
				5D9576533D7D7338A391E31418964354 /* SaleSecretary */,
				9BA9431FFF44352CCC311CB465BE7BD2 /* SaleSecretaryTests */,
				87D83AE7681EF3D1025F9F50065708F8 /* SaleSecretaryUITests */,
			);
		};
/* End PBXProject section */

/* Begin PBXResourcesBuildPhase section */
		1AF22C9DC725BF8EA63BE9D9A6DC6765 /* Resources */ = {
			isa = PBXResourcesBuildPhase;
			buildActionMask = 2147483647;
			files = (
			);
			runOnlyForDeploymentPostprocessing = 0;
		};
		671262BAC08AB5B135C52A405C80BA92 /* Resources */ = {
			isa = PBXResourcesBuildPhase;
			buildActionMask = 2147483647;
			files = (
			);
			runOnlyForDeploymentPostprocessing = 0;
		};
		C321DF94B9386C24B7C8ED20E409BFBF /* Resources */ = {
			isa = PBXResourcesBuildPhase;
			buildActionMask = 2147483647;
			files = (
				66451F0E1F330DDD009B65DD /* AppellationCellView.xib in Resources */,
				E7D2ABD81F457AC7000123A5 /* TableViewCell.xib in Resources */,
				664B999A1F3DBE5700968AA5 /* InfoPlist.strings in Resources */,
				6E20ECA51F341BCD00A0F29E /* xiaohua.png in Resources */,
				6E20ECA61F341BCD00A0F29E /* xiaoming.png in Resources */,
				66B602F21F2F074A002A55E6 /* SMSListViewCell.xib in Resources */,
				6EF2B7971F419F1600C808EE /* userList.plist in Resources */,
				6EF2B78B1F3ECB1D00C808EE /* PayDetailCell.xib in Resources */,
				837E4CB3CAA4F9E6F67FCD9B689A4731 /* Assets.xcassets in Resources */,
				B57F541A2E6EE35F55BF1F726094C124 /* LaunchScreen.storyboard in Resources */,
				E7D2ABD71F457AC7000123A5 /* PersonContactCell.xib in Resources */,
				66B602F71F2F35CC002A55E6 /* SMSDetailView.xib in Resources */,
				66AB590B1F3C65E8005FB30F /* ico_make.png in Resources */,
				6E0C8CE31F2EE0A90066885F /* MessageDetail.storyboard in Resources */,
				AF201728C3391AB87079CD9BA8E73001 /* Main.storyboard in Resources */,
				66451F121F331E81009B65DD /* InscribeViewCell.xib in Resources */,
				6EF5B7031F4452E9001B0A77 /* Login.storyboard in Resources */,
				66C784D11F457F290067B476 /* aip.license in Resources */,
				6E20ECA81F341BD600A0F29E /* sz.png in Resources */,
				6EBAA5511F3C2E520099DA89 /* MineInfoCell.xib in Resources */,
				6EBAA56B1F3C5B330099DA89 /* WalletDetailCell.xib in Resources */,
				6E20ECA01F341B8D00A0F29E /* MessageChat.storyboard in Resources */,
				D9D045E89EEF6E531B731C29AF71C6D8 /* MessageListCell.xib in Resources */,
				6EBAA5651F3C4AA40099DA89 /* MineView.storyboard in Resources */,
				29D06932D6D0A7D01DEBF31C0546DAAE /* SMSView.storyboard in Resources */,
				6EF5B7291F4582C1001B0A77 /* ExitViewCell.xib in Resources */,
				6615BF6B1F34134C0052879B /* customerList.plist in Resources */,
				6EBAA5451F3C03240099DA89 /* MineViewCell.xib in Resources */,
				6E0C8CE91F2EE0C20066885F /* MessageDetailCell.xib in Resources */,
				66451F181F332AB8009B65DD /* PlanExecTimeCellView.xib in Resources */,
				662D6A491F3177BA001C1FB1 /* AddNewCustomersCell.xib in Resources */,
				E754DC931F3D4E3D0025DBBE /* ContactStoryboard.storyboard in Resources */,
				66C784D71F457F550067B476 /* ScanResultCell.xib in Resources */,
				6647E8C71F39C63B0053AFF3 /* SMSContentTextCell.xib in Resources */,
				7D4F943E251DFCF1E855A17CA7047BAB /* ToolCellView.xib in Resources */,
			);
			runOnlyForDeploymentPostprocessing = 0;
		};
/* End PBXResourcesBuildPhase section */

/* Begin PBXShellScriptBuildPhase section */
		1266F30E5F0DA10AA4C9CA82 /* [CP] Embed Pods Frameworks */ = {
			isa = PBXShellScriptBuildPhase;
			buildActionMask = 2147483647;
			files = (
			);
			inputPaths = (
				"${SRCROOT}/Pods/Target Support Files/Pods-SaleSecretary/Pods-SaleSecretary-frameworks.sh",
				"${BUILT_PRODUCTS_DIR}/Alamofire/Alamofire.framework",
				"${BUILT_PRODUCTS_DIR}/DropDown/DropDown.framework",
				"${BUILT_PRODUCTS_DIR}/Kingfisher/Kingfisher.framework",
				"${BUILT_PRODUCTS_DIR}/RxCocoa/RxCocoa.framework",
				"${BUILT_PRODUCTS_DIR}/RxSwift/RxSwift.framework",
				"${BUILT_PRODUCTS_DIR}/SnapKit/SnapKit.framework",
				"${BUILT_PRODUCTS_DIR}/SwiftyJSON/SwiftyJSON.framework",
			);
			name = "[CP] Embed Pods Frameworks";
			outputPaths = (
				"${TARGET_BUILD_DIR}/${FRAMEWORKS_FOLDER_PATH}/Alamofire.framework",
				"${TARGET_BUILD_DIR}/${FRAMEWORKS_FOLDER_PATH}/DropDown.framework",
				"${TARGET_BUILD_DIR}/${FRAMEWORKS_FOLDER_PATH}/Kingfisher.framework",
				"${TARGET_BUILD_DIR}/${FRAMEWORKS_FOLDER_PATH}/RxCocoa.framework",
				"${TARGET_BUILD_DIR}/${FRAMEWORKS_FOLDER_PATH}/RxSwift.framework",
				"${TARGET_BUILD_DIR}/${FRAMEWORKS_FOLDER_PATH}/SnapKit.framework",
				"${TARGET_BUILD_DIR}/${FRAMEWORKS_FOLDER_PATH}/SwiftyJSON.framework",
			);
			runOnlyForDeploymentPostprocessing = 0;
			shellPath = /bin/sh;
			shellScript = "\"${SRCROOT}/Pods/Target Support Files/Pods-SaleSecretary/Pods-SaleSecretary-frameworks.sh\"\n";
			showEnvVarsInLog = 0;
		};
		46B60D808C3762F9C6FC1B42 /* [CP] Copy Pods Resources */ = {
			isa = PBXShellScriptBuildPhase;
			buildActionMask = 2147483647;
			files = (
			);
			inputPaths = (
			);
			name = "[CP] Copy Pods Resources";
			outputPaths = (
			);
			runOnlyForDeploymentPostprocessing = 0;
			shellPath = /bin/sh;
			shellScript = "\"${SRCROOT}/Pods/Target Support Files/Pods-SaleSecretary/Pods-SaleSecretary-resources.sh\"\n";
			showEnvVarsInLog = 0;
		};
		D3B40FB781FAC46F9E416CEB /* [CP] Check Pods Manifest.lock */ = {
			isa = PBXShellScriptBuildPhase;
			buildActionMask = 2147483647;
			files = (
			);
			inputPaths = (
				"${PODS_PODFILE_DIR_PATH}/Podfile.lock",
				"${PODS_ROOT}/Manifest.lock",
			);
			name = "[CP] Check Pods Manifest.lock";
			outputPaths = (
				"$(DERIVED_FILE_DIR)/Pods-SaleSecretary-checkManifestLockResult.txt",
			);
			runOnlyForDeploymentPostprocessing = 0;
			shellPath = /bin/sh;
			shellScript = "diff \"${PODS_PODFILE_DIR_PATH}/Podfile.lock\" \"${PODS_ROOT}/Manifest.lock\" > /dev/null\nif [ $? != 0 ] ; then\n    # print error to STDERR\n    echo \"error: The sandbox is not in sync with the Podfile.lock. Run 'pod install' or update your CocoaPods installation.\" >&2\n    exit 1\nfi\n";
			showEnvVarsInLog = 0;
		};
/* End PBXShellScriptBuildPhase section */

/* Begin PBXSourcesBuildPhase section */
		0699B6641036A632E6118A79E5EB50C3 /* Sources */ = {
			isa = PBXSourcesBuildPhase;
			buildActionMask = 2147483647;
			files = (
				4CC34A42AA4DDB3561243C35E9A3DD6E /* SaleSecretaryTests.swift in Sources */,
			);
			runOnlyForDeploymentPostprocessing = 0;
		};
		A3848645B168DFC54BA4118D1EB3ABE5 /* Sources */ = {
			isa = PBXSourcesBuildPhase;
			buildActionMask = 2147483647;
			files = (
				B1CD15B5F521C5D0040C8C6FF7E7477F /* SaleSecretaryUITests.swift in Sources */,
			);
			runOnlyForDeploymentPostprocessing = 0;
		};
		B5314BFBB8148436A1FE46B96F2C9BED /* Sources */ = {
			isa = PBXSourcesBuildPhase;
			buildActionMask = 2147483647;
			files = (
				6E20EC951F341B4500A0F29E /* MessageItem.swift in Sources */,
				E754DC941F3D4E3D0025DBBE /* CTAddNewTableViewController.swift in Sources */,
				66BF592B1F3075E800154E8C /* SMSAddViewController.swift in Sources */,
				6EBAA5441F3C03240099DA89 /* MineViewCell.swift in Sources */,
				45BDDB34CBA326F0F1C1F3CBB472F1DE /* AppDelegate.swift in Sources */,
				6EF2B7951F418E8600C808EE /* UserManageHeaderView.swift in Sources */,
				66AB590C1F3C65E8005FB30F /* JSDropDownMenu.m in Sources */,
				E7D2ABD61F457AC7000123A5 /* PersonContactCell.swift in Sources */,
				664B998E1F3DA8CB00968AA5 /* SMSTemplate.swift in Sources */,
				66F265411F30243100E9ECAB /* SMSMessage.swift in Sources */,
				63FFE17B8518E311F485E78D5AC99EDF /* MessageListCell.swift in Sources */,
				6EBAA56F1F3D5C190099DA89 /* BusinessRecordController.swift in Sources */,
				66C784D31F457F440067B476 /* ScanResultViewController.swift in Sources */,
				6E20ECB21F39B3DE00A0F29E /* MessageInfo.swift in Sources */,
				5B61C6CC8719F793AA22DE8CE2E016A7 /* MessageViewController.swift in Sources */,
				66B602F91F2F3BA7002A55E6 /* SMSDetailView.swift in Sources */,
				E754DC951F3D4E3D0025DBBE /* CTChooseNewerController.swift in Sources */,
				E7D2ABD21F457AA4000123A5 /* Models.swift in Sources */,
				6615BF5C1F3413210052879B /* ContactTableViewController.swift in Sources */,
				6615BF541F33F9A60052879B /* CustomSMSViewController.swift in Sources */,
				E754DC971F3D4E4B0025DBBE /* AddNewCustomerCell.swift in Sources */,
				4D8C433AFF25A62C0F123986B3D3B2AC /* SMSUIViewController.swift in Sources */,
				E7B2A2711F39FE76001D8C61 /* CTInfoViewController.swift in Sources */,
				6EF2B78A1F3ECB1D00C808EE /* PayDetailCell.swift in Sources */,
				E75435761F3542AE00BDE8C6 /* ContactMessageViewController.swift in Sources */,
				6E20EC9D1F341B7D00A0F29E /* TableView.swift in Sources */,
				6EF2B7991F419FC400C808EE /* Usermodel.swift in Sources */,
				66451F101F331001009B65DD /* AppellationCellView.swift in Sources */,
				6EF5B7281F4582C1001B0A77 /* ExitViewCell.swift in Sources */,
				6EF2B7871F3EC7F400C808EE /* PayViewController.swift in Sources */,
				6647E8BF1F39C4F80053AFF3 /* PhoneSMSViewContronller.swift in Sources */,
				6EF5B72F1F4582E5001B0A77 /* SetViewController.swift in Sources */,
				6EBAA56A1F3C5B330099DA89 /* WalletDetailCell.swift in Sources */,
				E7D2ABDD1F457B14000123A5 /* DateFormatterUtils.swift in Sources */,
				6E0C8CE81F2EE0C20066885F /* MessageDetailCell.swift in Sources */,
				6EF5B7041F4452E9001B0A77 /* LoginViewController.swift in Sources */,
				6647E8C61F39C63B0053AFF3 /* SMSContentTextCell.swift in Sources */,
				66AB59121F3D53AB005FB30F /* Extensions.swift in Sources */,
				6EBAA5671F3C59340099DA89 /* WalletDetailController.swift in Sources */,
				66451F0C1F32C4C7009B65DD /* UIColor+Hex.swift in Sources */,
				6E52D9851F458B560003305F /* ShareView.swift in Sources */,
				E7B2A2721F39FE76001D8C61 /* CTrailViewController.swift in Sources */,
				6615BF6E1F3413EA0052879B /* TableViewCell.swift in Sources */,
				6615BF6C1F34134C0052879B /* CustomerModel.swift in Sources */,
				6EF2B78F1F41390B00C808EE /* UserManageViewController.swift in Sources */,
				6647E8C91F3AEDCE0053AFF3 /* NetworkUtils.swift in Sources */,
				6EBAA54F1F3C2E480099DA89 /* MineInfoCell.swift in Sources */,
				66451F1A1F332D4E009B65DD /* PlanExecTimeCellView.swift in Sources */,
				6E20ECA11F341B8D00A0F29E /* MessageChatController.swift in Sources */,
				6E20EC991F341B6C00A0F29E /* ChatViewCell.swift in Sources */,
				66C784D61F457F550067B476 /* ScanResultCell.swift in Sources */,
				6647E8C01F39C4F80053AFF3 /* SMSPreviewController.swift in Sources */,
				66D3D0E21F31E7C2005347D0 /* CustomerSelectViewController.swift in Sources */,
				6615BF661F3413420052879B /* CustomerHeaderView.swift in Sources */,
				E1E92A825F157EE0E15E88EC43FED169 /* SaleSecretary.xcdatamodeld in Sources */,
				66451F161F331F8E009B65DD /* InscribeViewCell.swift in Sources */,
				6EF5B72C1F4582D0001B0A77 /* HelpViewController.swift in Sources */,
				53E56F706EB9015CA4B22F2CB85E21EB /* ToolCellView.swift in Sources */,
				6E20EC9C1F341B7D00A0F29E /* TableHeaderViewCell.swift in Sources */,
				A1388B73E89097D71FE47270B8861FF9 /* ToolsUIViewController.swift in Sources */,
				66AB590E1F3C65FA005FB30F /* TemplateSelectorController.swift in Sources */,
				6E0C8CE51F2EE0B40066885F /* MessageDetailController.swift in Sources */,
				6EF5B7051F4452E9001B0A77 /* RegisterViewController.swift in Sources */,
				E7B2A2701F39FE76001D8C61 /* CTCustomerDetailInfoViewController.swift in Sources */,
				6647E8C31F39C6160053AFF3 /* CommonSMSTableCell.swift in Sources */,
				5F81108AF566E3AA21DC1DE8FE984ECE /* ViewController.swift in Sources */,
				66AB59101F3C6607005FB30F /* Month.swift in Sources */,
				66AB59171F3D54F2005FB30F /* CollapsibleTableViewHeader.swift in Sources */,
				6EF5B6FF1F4452D3001B0A77 /* FindPwdViewController.swift in Sources */,
				66B602FB1F301230002A55E6 /* SMSDetailController.swift in Sources */,
				66B602F01F2F043E002A55E6 /* SMSListViewCell.swift in Sources */,
				66C784C21F4527060067B476 /* QRScrollViewController.swift in Sources */,
				E7B2A2741F39FE97001D8C61 /* CTCustomerDetailInfoView.swift in Sources */,
				66B602FD1F302238002A55E6 /* Recipient.swift in Sources */,
				E75435741F34640E00BDE8C6 /* CustomerPopUpView.swift in Sources */,
				66AB59161F3D54F2005FB30F /* CollapsibleTableViewCell.swift in Sources */,
				6EF19C5D1F3BF9E000646BCF /* MineUIViewController.swift in Sources */,
				6E20EC971F341B5500A0F29E /* UserInfo.swift in Sources */,
				6EBAA5611F3C43B50099DA89 /* WalletViewController.swift in Sources */,
				E7D2ABDB1F457B00000123A5 /* CustomerDBOp.swift in Sources */,
				6E20ECB01F39B3D300A0F29E /* MessageCache.swift in Sources */,
				E754DC991F3D4E5A0025DBBE /* GetContactUtils.swift in Sources */,
				6647E8CC1F3AFEE90053AFF3 /* CryptoHeader.m in Sources */,
				6EF2B7851F3EC7B400C808EE /* PayDetailController.swift in Sources */,
				6E20EC931F341B2B00A0F29E /* ChatDataSource.swift in Sources */,
			);
			runOnlyForDeploymentPostprocessing = 0;
		};
/* End PBXSourcesBuildPhase section */

/* Begin PBXTargetDependency section */
		5038BBABD717A9C32689A65603A58382 /* PBXTargetDependency */ = {
			isa = PBXTargetDependency;
			target = 5D9576533D7D7338A391E31418964354 /* SaleSecretary */;
			targetProxy = 2F0373467A29E0D5176A6A4EC30D54E0 /* PBXContainerItemProxy */;
		};
		EBB714B1CA725B18726A7C36D88D50BC /* PBXTargetDependency */ = {
			isa = PBXTargetDependency;
			target = 5D9576533D7D7338A391E31418964354 /* SaleSecretary */;
			targetProxy = F33C0D10C95B5D17C0CD9D005331708D /* PBXContainerItemProxy */;
		};
/* End PBXTargetDependency section */

/* Begin PBXVariantGroup section */
		03D25B800318496B626EE1356C773AA4 /* Main.storyboard */ = {
			isa = PBXVariantGroup;
			children = (
				C44B64C515E9205C02855331FBB73F3F /* Base */,
				664B998F1F3DB92400968AA5 /* zh-Hans */,
			);
			name = Main.storyboard;
			sourceTree = "<group>";
		};
		664B999C1F3DBE5700968AA5 /* InfoPlist.strings */ = {
			isa = PBXVariantGroup;
			children = (
				664B999B1F3DBE5700968AA5 /* Base */,
				664B999D1F3DBE5900968AA5 /* en */,
				664B999E1F3DBE5A00968AA5 /* zh-Hans */,
			);
			name = InfoPlist.strings;
			sourceTree = "<group>";
		};
		E91976E222A3B14574B6924020DD4A84 /* LaunchScreen.storyboard */ = {
			isa = PBXVariantGroup;
			children = (
				DC5DE7BB98E8B43BBAFCD9F6E6D94AC0 /* Base */,
				664B99901F3DB92400968AA5 /* zh-Hans */,
			);
			name = LaunchScreen.storyboard;
			sourceTree = "<group>";
		};
/* End PBXVariantGroup section */

/* Begin XCBuildConfiguration section */
		09DDABD502CED4A63DAFDB3BE11203C9 /* Release */ = {
			isa = XCBuildConfiguration;
			buildSettings = {
				ALWAYS_EMBED_SWIFT_STANDARD_LIBRARIES = YES;
				BUNDLE_LOADER = "$(TEST_HOST)";
				INFOPLIST_FILE = SaleSecretaryTests/Info.plist;
				LD_RUNPATH_SEARCH_PATHS = "$(inherited) @executable_path/Frameworks @loader_path/Frameworks";
				PRODUCT_BUNDLE_IDENTIFIER = com.zjjy.SaleSecretaryTests;
				PRODUCT_NAME = "$(TARGET_NAME)";
				SWIFT_VERSION = 3.0;
				TEST_HOST = "$(BUILT_PRODUCTS_DIR)/SaleSecretary.app/SaleSecretary";
			};
			name = Release;
		};
		2655FC78E3EFC7C8115B26451296762A /* Debug */ = {
			isa = XCBuildConfiguration;
			buildSettings = {
				ALWAYS_EMBED_SWIFT_STANDARD_LIBRARIES = YES;
				INFOPLIST_FILE = SaleSecretaryUITests/Info.plist;
				LD_RUNPATH_SEARCH_PATHS = "$(inherited) @executable_path/Frameworks @loader_path/Frameworks";
				PRODUCT_BUNDLE_IDENTIFIER = com.zjjy.SaleSecretaryUITests;
				PRODUCT_NAME = "$(TARGET_NAME)";
				SWIFT_VERSION = 3.0;
				TEST_TARGET_NAME = SaleSecretary;
			};
			name = Debug;
		};
		3E5D4025DBE108B228EF5E2A73C5030A /* Debug */ = {
			isa = XCBuildConfiguration;
			baseConfigurationReference = 2C6A867B230F110B4E0648AC /* Pods-SaleSecretary.debug.xcconfig */;
			buildSettings = {
				ASSETCATALOG_COMPILER_APPICON_NAME = AppIcon;
				CLANG_ENABLE_MODULES = YES;
				DEVELOPMENT_TEAM = DY8NN2JBA9;
				FRAMEWORK_SEARCH_PATHS = (
					"$(inherited)",
					"$(PROJECT_DIR)/AipOcrSdk",
				);
				INFOPLIST_FILE = SaleSecretary/Info.plist;
				IPHONEOS_DEPLOYMENT_TARGET = 10.0;
				LD_RUNPATH_SEARCH_PATHS = "$(inherited) @executable_path/Frameworks";
				PRODUCT_BUNDLE_IDENTIFIER = com.zjjy.SaleSecretary;
				PRODUCT_NAME = "$(TARGET_NAME)";
				SWIFT_OBJC_BRIDGING_HEADER = "SaleSecretary/SaleSecretary-Bridging-Header.h";
				SWIFT_OPTIMIZATION_LEVEL = "-Onone";
				SWIFT_VERSION = 3.0;
			};
			name = Debug;
		};
		5350E170AF9A7AB20A92DFDA50C33510 /* Debug */ = {
			isa = XCBuildConfiguration;
			buildSettings = {
				ALWAYS_EMBED_SWIFT_STANDARD_LIBRARIES = YES;
				BUNDLE_LOADER = "$(TEST_HOST)";
				INFOPLIST_FILE = SaleSecretaryTests/Info.plist;
				LD_RUNPATH_SEARCH_PATHS = "$(inherited) @executable_path/Frameworks @loader_path/Frameworks";
				PRODUCT_BUNDLE_IDENTIFIER = com.zjjy.SaleSecretaryTests;
				PRODUCT_NAME = "$(TARGET_NAME)";
				SWIFT_VERSION = 3.0;
				TEST_HOST = "$(BUILT_PRODUCTS_DIR)/SaleSecretary.app/SaleSecretary";
			};
			name = Debug;
		};
		60E2F32B97DACFDB4E9D3BCB30BF9892 /* Release */ = {
			isa = XCBuildConfiguration;
			baseConfigurationReference = C6ADDA7123B0C31E576BB48B /* Pods-SaleSecretary.release.xcconfig */;
			buildSettings = {
				ASSETCATALOG_COMPILER_APPICON_NAME = AppIcon;
				CLANG_ENABLE_MODULES = YES;
				DEVELOPMENT_TEAM = DY8NN2JBA9;
				FRAMEWORK_SEARCH_PATHS = (
					"$(inherited)",
					"$(PROJECT_DIR)/AipOcrSdk",
				);
				INFOPLIST_FILE = SaleSecretary/Info.plist;
				IPHONEOS_DEPLOYMENT_TARGET = 10.0;
				LD_RUNPATH_SEARCH_PATHS = "$(inherited) @executable_path/Frameworks";
				PRODUCT_BUNDLE_IDENTIFIER = com.zjjy.SaleSecretary;
				PRODUCT_NAME = "$(TARGET_NAME)";
				SWIFT_OBJC_BRIDGING_HEADER = "SaleSecretary/SaleSecretary-Bridging-Header.h";
				SWIFT_VERSION = 3.0;
			};
			name = Release;
		};
		A009771B86D46807FAA83F7B9D320F86 /* Debug */ = {
			isa = XCBuildConfiguration;
			buildSettings = {
				ALWAYS_SEARCH_USER_PATHS = NO;
				CLANG_ANALYZER_LOCALIZABILITY_NONLOCALIZED = YES;
				CLANG_ANALYZER_NONNULL = YES;
				CLANG_ANALYZER_NUMBER_OBJECT_CONVERSION = YES_AGGRESSIVE;
				CLANG_CXX_LANGUAGE_STANDARD = "gnu++0x";
				CLANG_CXX_LIBRARY = "libc++";
				CLANG_ENABLE_MODULES = YES;
				CLANG_ENABLE_OBJC_ARC = YES;
				CLANG_WARN_BOOL_CONVERSION = YES;
				CLANG_WARN_CONSTANT_CONVERSION = YES;
				CLANG_WARN_DIRECT_OBJC_ISA_USAGE = YES_ERROR;
				CLANG_WARN_DOCUMENTATION_COMMENTS = YES;
				CLANG_WARN_EMPTY_BODY = YES;
				CLANG_WARN_ENUM_CONVERSION = YES;
				CLANG_WARN_INFINITE_RECURSION = YES;
				CLANG_WARN_INT_CONVERSION = YES;
				CLANG_WARN_OBJC_ROOT_CLASS = YES_ERROR;
				CLANG_WARN_SUSPICIOUS_MOVE = YES;
				CLANG_WARN_UNREACHABLE_CODE = YES;
				CLANG_WARN__DUPLICATE_METHOD_MATCH = YES;
				"CODE_SIGN_IDENTITY[sdk=iphoneos*]" = "iPhone Developer";
				COPY_PHASE_STRIP = NO;
				DEBUG_INFORMATION_FORMAT = dwarf;
				ENABLE_STRICT_OBJC_MSGSEND = YES;
				ENABLE_TESTABILITY = YES;
				GCC_C_LANGUAGE_STANDARD = gnu99;
				GCC_DYNAMIC_NO_PIC = NO;
				GCC_NO_COMMON_BLOCKS = YES;
				GCC_OPTIMIZATION_LEVEL = 0;
				GCC_PREPROCESSOR_DEFINITIONS = (
					"DEBUG=1",
					"$(inherited)",
				);
				GCC_WARN_64_TO_32_BIT_CONVERSION = YES;
				GCC_WARN_ABOUT_RETURN_TYPE = YES_ERROR;
				GCC_WARN_UNDECLARED_SELECTOR = YES;
				GCC_WARN_UNINITIALIZED_AUTOS = YES_AGGRESSIVE;
				GCC_WARN_UNUSED_FUNCTION = YES;
				GCC_WARN_UNUSED_VARIABLE = YES;
				IPHONEOS_DEPLOYMENT_TARGET = 9.0;
				MTL_ENABLE_DEBUG_INFO = YES;
				ONLY_ACTIVE_ARCH = YES;
				SDKROOT = iphoneos;
				SWIFT_ACTIVE_COMPILATION_CONDITIONS = DEBUG;
				SWIFT_OPTIMIZATION_LEVEL = "-Onone";
			};
			name = Debug;
		};
		B5C7F5A2377522DD4EF52207FF2DEFAA /* Release */ = {
			isa = XCBuildConfiguration;
			buildSettings = {
				ALWAYS_SEARCH_USER_PATHS = NO;
				CLANG_ANALYZER_LOCALIZABILITY_NONLOCALIZED = YES;
				CLANG_ANALYZER_NONNULL = YES;
				CLANG_ANALYZER_NUMBER_OBJECT_CONVERSION = YES_AGGRESSIVE;
				CLANG_CXX_LANGUAGE_STANDARD = "gnu++0x";
				CLANG_CXX_LIBRARY = "libc++";
				CLANG_ENABLE_MODULES = YES;
				CLANG_ENABLE_OBJC_ARC = YES;
				CLANG_WARN_BOOL_CONVERSION = YES;
				CLANG_WARN_CONSTANT_CONVERSION = YES;
				CLANG_WARN_DIRECT_OBJC_ISA_USAGE = YES_ERROR;
				CLANG_WARN_DOCUMENTATION_COMMENTS = YES;
				CLANG_WARN_EMPTY_BODY = YES;
				CLANG_WARN_ENUM_CONVERSION = YES;
				CLANG_WARN_INFINITE_RECURSION = YES;
				CLANG_WARN_INT_CONVERSION = YES;
				CLANG_WARN_OBJC_ROOT_CLASS = YES_ERROR;
				CLANG_WARN_SUSPICIOUS_MOVE = YES;
				CLANG_WARN_UNREACHABLE_CODE = YES;
				CLANG_WARN__DUPLICATE_METHOD_MATCH = YES;
				"CODE_SIGN_IDENTITY[sdk=iphoneos*]" = "iPhone Developer";
				COPY_PHASE_STRIP = NO;
				DEBUG_INFORMATION_FORMAT = "dwarf-with-dsym";
				ENABLE_NS_ASSERTIONS = NO;
				ENABLE_STRICT_OBJC_MSGSEND = YES;
				GCC_C_LANGUAGE_STANDARD = gnu99;
				GCC_NO_COMMON_BLOCKS = YES;
				GCC_WARN_64_TO_32_BIT_CONVERSION = YES;
				GCC_WARN_ABOUT_RETURN_TYPE = YES_ERROR;
				GCC_WARN_UNDECLARED_SELECTOR = YES;
				GCC_WARN_UNINITIALIZED_AUTOS = YES_AGGRESSIVE;
				GCC_WARN_UNUSED_FUNCTION = YES;
				GCC_WARN_UNUSED_VARIABLE = YES;
				IPHONEOS_DEPLOYMENT_TARGET = 9.0;
				MTL_ENABLE_DEBUG_INFO = NO;
				SDKROOT = iphoneos;
				SWIFT_OPTIMIZATION_LEVEL = "-Owholemodule";
				VALIDATE_PRODUCT = YES;
			};
			name = Release;
		};
		F5089FDAC27C072C28CEC3950EE3931C /* Release */ = {
			isa = XCBuildConfiguration;
			buildSettings = {
				ALWAYS_EMBED_SWIFT_STANDARD_LIBRARIES = YES;
				INFOPLIST_FILE = SaleSecretaryUITests/Info.plist;
				LD_RUNPATH_SEARCH_PATHS = "$(inherited) @executable_path/Frameworks @loader_path/Frameworks";
				PRODUCT_BUNDLE_IDENTIFIER = com.zjjy.SaleSecretaryUITests;
				PRODUCT_NAME = "$(TARGET_NAME)";
				SWIFT_VERSION = 3.0;
				TEST_TARGET_NAME = SaleSecretary;
			};
			name = Release;
		};
/* End XCBuildConfiguration section */

/* Begin XCConfigurationList section */
		58C62DDCB08D7A6A27552FA0BBDF9C02 /* Build configuration list for PBXNativeTarget "SaleSecretaryUITests" */ = {
			isa = XCConfigurationList;
			buildConfigurations = (
				2655FC78E3EFC7C8115B26451296762A /* Debug */,
				F5089FDAC27C072C28CEC3950EE3931C /* Release */,
			);
			defaultConfigurationIsVisible = 0;
			defaultConfigurationName = Release;
		};
		6E24A456B9D4091FA402BB5626CC4FCA /* Build configuration list for PBXProject "SaleSecretary" */ = {
			isa = XCConfigurationList;
			buildConfigurations = (
				A009771B86D46807FAA83F7B9D320F86 /* Debug */,
				B5C7F5A2377522DD4EF52207FF2DEFAA /* Release */,
			);
			defaultConfigurationIsVisible = 0;
			defaultConfigurationName = Release;
		};
		88CD9089A66DE75132DB01BFADD09DEA /* Build configuration list for PBXNativeTarget "SaleSecretaryTests" */ = {
			isa = XCConfigurationList;
			buildConfigurations = (
				5350E170AF9A7AB20A92DFDA50C33510 /* Debug */,
				09DDABD502CED4A63DAFDB3BE11203C9 /* Release */,
			);
			defaultConfigurationIsVisible = 0;
			defaultConfigurationName = Release;
		};
		A97662B69FB217025AF5525631AB7437 /* Build configuration list for PBXNativeTarget "SaleSecretary" */ = {
			isa = XCConfigurationList;
			buildConfigurations = (
				3E5D4025DBE108B228EF5E2A73C5030A /* Debug */,
				60E2F32B97DACFDB4E9D3BCB30BF9892 /* Release */,
			);
			defaultConfigurationIsVisible = 0;
			defaultConfigurationName = Release;
		};
/* End XCConfigurationList section */

/* Begin XCVersionGroup section */
		372EFD95BCC4506D668112468A0C6F18 /* SaleSecretary.xcdatamodeld */ = {
			isa = XCVersionGroup;
			children = (
				B427303374369F3F694A3E88B024FF52 /* SaleSecretary.xcdatamodel */,
			);
			currentVersion = B427303374369F3F694A3E88B024FF52 /* SaleSecretary.xcdatamodel */;
			path = SaleSecretary.xcdatamodeld;
			sourceTree = "<group>";
			versionGroupType = wrapper.xcdatamodel;
		};
/* End XCVersionGroup section */
	};
	rootObject = 97397EDA25754BD1B27A3933E6CC7083 /* Project object */;
}
