// !$*UTF8*$!
{
	archiveVersion = 1;
	classes = {
	};
	objectVersion = 46;
	objects = {

/* Begin PBXBuildFile section */
		45BDDB34CBA326F0F1C1F3CBB472F1DE /* AppDelegate.swift in Sources */ = {isa = PBXBuildFile; fileRef = E1D47ACF391485904A172658C073C4CF /* AppDelegate.swift */; };
		4CC34A42AA4DDB3561243C35E9A3DD6E /* SaleSecretaryTests.swift in Sources */ = {isa = PBXBuildFile; fileRef = E9B097EE912BE08E90307C3D5DBEAA47 /* SaleSecretaryTests.swift */; };
		53E56F706EB9015CA4B22F2CB85E21EB /* ToolCellView.swift in Sources */ = {isa = PBXBuildFile; fileRef = 1388E83064119789E4E2181C9871C9F6 /* ToolCellView.swift */; };
		5F81108AF566E3AA21DC1DE8FE984ECE /* ViewController.swift in Sources */ = {isa = PBXBuildFile; fileRef = B45CD96F7DFFD87860F121A1A9F14848 /* ViewController.swift */; };
		63FFE17B8518E311F485E78D5AC99EDF /* MessageListCell.swift in Sources */ = {isa = PBXBuildFile; fileRef = E05D3EF5639A9140AFEB3E73C399202E /* MessageListCell.swift */; };
		7D4F943E251DFCF1E855A17CA7047BAB /* ToolCellView.xib in Resources */ = {isa = PBXBuildFile; fileRef = 1EDAEF18CBA6F23688F9247911F93EDF /* ToolCellView.xib */; };
		837E4CB3CAA4F9E6F67FCD9B689A4731 /* Assets.xcassets in Resources */ = {isa = PBXBuildFile; fileRef = 1F3ED2E7C36C4CC96B9B25E5F44BB6DC /* Assets.xcassets */; };
		844B9C59A19C420A50A16F7BC34316A7 /* MessageViewController.swift in Sources */ = {isa = PBXBuildFile; fileRef = 941087DED619C471294F5B2DEF921264 /* MessageViewController.swift */; };
		8CFB1C9E00B955CC94391FA02B432CCF /* Message.storyboard in Resources */ = {isa = PBXBuildFile; fileRef = 71922CC4806E1E76CF99D479D160CD83 /* Message.storyboard */; };
		A1388B73E89097D71FE47270B8861FF9 /* ToolsUIViewController.swift in Sources */ = {isa = PBXBuildFile; fileRef = D9F3B5FF5B6840C01FE98AB14DBF66A9 /* ToolsUIViewController.swift */; };
		AF201728C3391AB87079CD9BA8E73001 /* Main.storyboard in Resources */ = {isa = PBXBuildFile; fileRef = 03D25B800318496B626EE1356C773AA4 /* Main.storyboard */; };
		B1CD15B5F521C5D0040C8C6FF7E7477F /* SaleSecretaryUITests.swift in Sources */ = {isa = PBXBuildFile; fileRef = 6B1304CBBFB165B9BCE2C5264AB48FAF /* SaleSecretaryUITests.swift */; };
		B57F541A2E6EE35F55BF1F726094C124 /* LaunchScreen.storyboard in Resources */ = {isa = PBXBuildFile; fileRef = E91976E222A3B14574B6924020DD4A84 /* LaunchScreen.storyboard */; };
		D9D045E89EEF6E531B731C29AF71C6D8 /* MessageListCell.xib in Resources */ = {isa = PBXBuildFile; fileRef = 4E75E8F33B3F1B94561C76CE533E329A /* MessageListCell.xib */; };
		E1E92A825F157EE0E15E88EC43FED169 /* SaleSecretary.xcdatamodeld in Sources */ = {isa = PBXBuildFile; fileRef = 372EFD95BCC4506D668112468A0C6F18 /* SaleSecretary.xcdatamodeld */; };
/* End PBXBuildFile section */

/* Begin PBXContainerItemProxy section */
		2F0373467A29E0D5176A6A4EC30D54E0 /* PBXContainerItemProxy */ = {
			isa = PBXContainerItemProxy;
			containerPortal = 97397EDA25754BD1B27A3933E6CC7083 /* Project object */;
			proxyType = 1;
			remoteGlobalIDString = 5D9576533D7D7338A391E31418964354;
			remoteInfo = SaleSecretary;
		};
		F33C0D10C95B5D17C0CD9D005331708D /* PBXContainerItemProxy */ = {
			isa = PBXContainerItemProxy;
			containerPortal = 97397EDA25754BD1B27A3933E6CC7083 /* Project object */;
			proxyType = 1;
			remoteGlobalIDString = 5D9576533D7D7338A391E31418964354;
			remoteInfo = SaleSecretary;
		};
/* End PBXContainerItemProxy section */

/* Begin PBXFileReference section */
		1388E83064119789E4E2181C9871C9F6 /* ToolCellView.swift */ = {isa = PBXFileReference; fileEncoding = 4; lastKnownFileType = sourcecode.swift; path = ToolCellView.swift; sourceTree = "<group>"; };
		1EDAEF18CBA6F23688F9247911F93EDF /* ToolCellView.xib */ = {isa = PBXFileReference; fileEncoding = 4; lastKnownFileType = file.xib; path = ToolCellView.xib; sourceTree = "<group>"; };
		1F3ED2E7C36C4CC96B9B25E5F44BB6DC /* Assets.xcassets */ = {isa = PBXFileReference; lastKnownFileType = folder.assetcatalog; path = Assets.xcassets; sourceTree = "<group>"; };
		3B50DBFE5619E6ECC0F0893AEE08D288 /* SaleSecretaryTests.xctest */ = {isa = PBXFileReference; explicitFileType = wrapper.cfbundle; includeInIndex = 0; path = SaleSecretaryTests.xctest; sourceTree = BUILT_PRODUCTS_DIR; };
		4E75E8F33B3F1B94561C76CE533E329A /* MessageListCell.xib */ = {isa = PBXFileReference; fileEncoding = 4; lastKnownFileType = file.xib; path = MessageListCell.xib; sourceTree = "<group>"; };
		6B1304CBBFB165B9BCE2C5264AB48FAF /* SaleSecretaryUITests.swift */ = {isa = PBXFileReference; lastKnownFileType = sourcecode.swift; path = SaleSecretaryUITests.swift; sourceTree = "<group>"; };
		71922CC4806E1E76CF99D479D160CD83 /* Message.storyboard */ = {isa = PBXFileReference; fileEncoding = 4; lastKnownFileType = file.storyboard; path = Message.storyboard; sourceTree = "<group>"; };
		941087DED619C471294F5B2DEF921264 /* MessageViewController.swift */ = {isa = PBXFileReference; fileEncoding = 4; lastKnownFileType = sourcecode.swift; path = MessageViewController.swift; sourceTree = "<group>"; };
		B427303374369F3F694A3E88B024FF52 /* SaleSecretary.xcdatamodel */ = {isa = PBXFileReference; lastKnownFileType = wrapper.xcdatamodel; path = SaleSecretary.xcdatamodel; sourceTree = "<group>"; };
		B45CD96F7DFFD87860F121A1A9F14848 /* ViewController.swift */ = {isa = PBXFileReference; lastKnownFileType = sourcecode.swift; path = ViewController.swift; sourceTree = "<group>"; };
		B5110A908A25F067CDF103F926B2627C /* Info.plist */ = {isa = PBXFileReference; lastKnownFileType = text.plist.xml; path = Info.plist; sourceTree = "<group>"; };
		B78013FA05C85654B14C93F66423543A /* SaleSecretary.app */ = {isa = PBXFileReference; explicitFileType = wrapper.application; includeInIndex = 0; path = SaleSecretary.app; sourceTree = BUILT_PRODUCTS_DIR; };
		C44B64C515E9205C02855331FBB73F3F /* Base */ = {isa = PBXFileReference; lastKnownFileType = file.storyboard; name = Base; path = Base.lproj/Main.storyboard; sourceTree = "<group>"; };
		D371670FE9B8DBB273DF1F7BA7CDCAB4 /* SaleSecretaryUITests.xctest */ = {isa = PBXFileReference; explicitFileType = wrapper.cfbundle; includeInIndex = 0; path = SaleSecretaryUITests.xctest; sourceTree = BUILT_PRODUCTS_DIR; };
		D9F3B5FF5B6840C01FE98AB14DBF66A9 /* ToolsUIViewController.swift */ = {isa = PBXFileReference; fileEncoding = 4; lastKnownFileType = sourcecode.swift; path = ToolsUIViewController.swift; sourceTree = "<group>"; };
		DC5DE7BB98E8B43BBAFCD9F6E6D94AC0 /* Base */ = {isa = PBXFileReference; lastKnownFileType = file.storyboard; name = Base; path = Base.lproj/LaunchScreen.storyboard; sourceTree = "<group>"; };
		E05D3EF5639A9140AFEB3E73C399202E /* MessageListCell.swift */ = {isa = PBXFileReference; fileEncoding = 4; lastKnownFileType = sourcecode.swift; path = MessageListCell.swift; sourceTree = "<group>"; };
		E1D47ACF391485904A172658C073C4CF /* AppDelegate.swift */ = {isa = PBXFileReference; lastKnownFileType = sourcecode.swift; path = AppDelegate.swift; sourceTree = "<group>"; };
		E9B097EE912BE08E90307C3D5DBEAA47 /* SaleSecretaryTests.swift */ = {isa = PBXFileReference; lastKnownFileType = sourcecode.swift; path = SaleSecretaryTests.swift; sourceTree = "<group>"; };
		F62447EA9409681F76292A514C7312A9 /* Info.plist */ = {isa = PBXFileReference; lastKnownFileType = text.plist.xml; path = Info.plist; sourceTree = "<group>"; };
		FB20A214877D05C6E7E1ECF3F9E4A391 /* Info.plist */ = {isa = PBXFileReference; lastKnownFileType = text.plist.xml; path = Info.plist; sourceTree = "<group>"; };
/* End PBXFileReference section */

/* Begin PBXFrameworksBuildPhase section */
		0CC4486DEC35379F58B3427F48437FA2 /* Frameworks */ = {
			isa = PBXFrameworksBuildPhase;
			buildActionMask = 2147483647;
			files = (
			);
			runOnlyForDeploymentPostprocessing = 0;
		};
		25943149E5EF01482E39A7058C7FC7D9 /* Frameworks */ = {
			isa = PBXFrameworksBuildPhase;
			buildActionMask = 2147483647;
			files = (
			);
			runOnlyForDeploymentPostprocessing = 0;
		};
		6493E279780C01D67448A468CD8F5328 /* Frameworks */ = {
			isa = PBXFrameworksBuildPhase;
			buildActionMask = 2147483647;
			files = (
			);
			runOnlyForDeploymentPostprocessing = 0;
		};
/* End PBXFrameworksBuildPhase section */

/* Begin PBXGroup section */
		0CDBCAFFFDB1BD9128254835506150B5 /* Products */ = {
			isa = PBXGroup;
			children = (
				B78013FA05C85654B14C93F66423543A /* SaleSecretary.app */,
				3B50DBFE5619E6ECC0F0893AEE08D288 /* SaleSecretaryTests.xctest */,
				D371670FE9B8DBB273DF1F7BA7CDCAB4 /* SaleSecretaryUITests.xctest */,
			);
			name = Products;
			sourceTree = "<group>";
		};
		0EA0B277261348029FDB9BAE2CF16043 /* SaleSecretary */ = {
			isa = PBXGroup;
			children = (
				2F673B09140D61E9954FB873D91AF82C /* Main */,
				C5DB8245E853880567A8AA818CFA3A83 /* Message */,
				353CBCFE5817ABE2C74E225413D69D8F /* Tools */,
				E1D47ACF391485904A172658C073C4CF /* AppDelegate.swift */,
				1F3ED2E7C36C4CC96B9B25E5F44BB6DC /* Assets.xcassets */,
				FB20A214877D05C6E7E1ECF3F9E4A391 /* Info.plist */,
				E91976E222A3B14574B6924020DD4A84 /* LaunchScreen.storyboard */,
				372EFD95BCC4506D668112468A0C6F18 /* SaleSecretary.xcdatamodeld */,
			);
			path = SaleSecretary;
			sourceTree = "<group>";
		};
		109CF3EC5FBDD447063E3847B6FB7B07 = {
			isa = PBXGroup;
			children = (
				0CDBCAFFFDB1BD9128254835506150B5 /* Products */,
				0EA0B277261348029FDB9BAE2CF16043 /* SaleSecretary */,
				C819ABF84D749EE4831554CAFEBAA9B2 /* SaleSecretaryTests */,
				84EC0D867B218897AF0A38187FBB3D20 /* SaleSecretaryUITests */,
			);
			sourceTree = "<group>";
		};
		2F673B09140D61E9954FB873D91AF82C /* Main */ = {
			isa = PBXGroup;
			children = (
				9F42C0D310E85E7E56A0DE055E19EE8D /* Controller */,
				334FA7D8DDBF4687976EF258B32793F5 /* Model */,
				C088F1DA3C61109B9D3BF6ED150B5427 /* View */,
			);
			name = Main;
			sourceTree = "<group>";
		};
		334FA7D8DDBF4687976EF258B32793F5 /* Model */ = {
			isa = PBXGroup;
			children = (
			);
			name = Model;
			sourceTree = "<group>";
		};
		335AFE1AFF613A74F03B490AE40CED3B /* View */ = {
			isa = PBXGroup;
			children = (
				1388E83064119789E4E2181C9871C9F6 /* ToolCellView.swift */,
				1EDAEF18CBA6F23688F9247911F93EDF /* ToolCellView.xib */,
			);
			name = View;
			sourceTree = "<group>";
		};
		353CBCFE5817ABE2C74E225413D69D8F /* Tools */ = {
			isa = PBXGroup;
			children = (
				C8FADB2F97F8DCCFB2573A6DC4E39CB6 /* Controller */,
				77D28E5543C148C1D2B03F577CBA0F88 /* Model */,
				335AFE1AFF613A74F03B490AE40CED3B /* View */,
			);
			name = Tools;
			sourceTree = "<group>";
		};
		38219B296459F1D229EAB903EB8BBE63 /* Controller */ = {
			isa = PBXGroup;
			children = (
				941087DED619C471294F5B2DEF921264 /* MessageViewController.swift */,
				71922CC4806E1E76CF99D479D160CD83 /* Message.storyboard */,
			);
			name = Controller;
			sourceTree = "<group>";
		};
		77D28E5543C148C1D2B03F577CBA0F88 /* Model */ = {
			isa = PBXGroup;
			children = (
			);
			name = Model;
			sourceTree = "<group>";
		};
		84EC0D867B218897AF0A38187FBB3D20 /* SaleSecretaryUITests */ = {
			isa = PBXGroup;
			children = (
				B5110A908A25F067CDF103F926B2627C /* Info.plist */,
				6B1304CBBFB165B9BCE2C5264AB48FAF /* SaleSecretaryUITests.swift */,
			);
			path = SaleSecretaryUITests;
			sourceTree = "<group>";
		};
		9F42C0D310E85E7E56A0DE055E19EE8D /* Controller */ = {
			isa = PBXGroup;
			children = (
			);
			name = Controller;
			sourceTree = "<group>";
		};
		C088F1DA3C61109B9D3BF6ED150B5427 /* View */ = {
			isa = PBXGroup;
			children = (
				03D25B800318496B626EE1356C773AA4 /* Main.storyboard */,
				B45CD96F7DFFD87860F121A1A9F14848 /* ViewController.swift */,
			);
			name = View;
			sourceTree = "<group>";
		};
		C5DB8245E853880567A8AA818CFA3A83 /* Message */ = {
			isa = PBXGroup;
			children = (
				38219B296459F1D229EAB903EB8BBE63 /* Controller */,
				D6C569A3304F1DE766B6A3CB9DE86D18 /* Model */,
				DECB3B49B2471C7E9EB1FAB06DEB0BDF /* View */,
			);
			name = Message;
			sourceTree = "<group>";
		};
		C819ABF84D749EE4831554CAFEBAA9B2 /* SaleSecretaryTests */ = {
			isa = PBXGroup;
			children = (
				F62447EA9409681F76292A514C7312A9 /* Info.plist */,
				E9B097EE912BE08E90307C3D5DBEAA47 /* SaleSecretaryTests.swift */,
			);
			path = SaleSecretaryTests;
			sourceTree = "<group>";
		};
		C8FADB2F97F8DCCFB2573A6DC4E39CB6 /* Controller */ = {
			isa = PBXGroup;
			children = (
				D9F3B5FF5B6840C01FE98AB14DBF66A9 /* ToolsUIViewController.swift */,
			);
			name = Controller;
			sourceTree = "<group>";
		};
		D6C569A3304F1DE766B6A3CB9DE86D18 /* Model */ = {
			isa = PBXGroup;
			children = (
			);
			name = Model;
			sourceTree = "<group>";
		};
		DECB3B49B2471C7E9EB1FAB06DEB0BDF /* View */ = {
			isa = PBXGroup;
			children = (
				E05D3EF5639A9140AFEB3E73C399202E /* MessageListCell.swift */,
				4E75E8F33B3F1B94561C76CE533E329A /* MessageListCell.xib */,
			);
			name = View;
			sourceTree = "<group>";
		};
/* End PBXGroup section */

/* Begin PBXNativeTarget section */
		5D9576533D7D7338A391E31418964354 /* SaleSecretary */ = {
			isa = PBXNativeTarget;
			buildConfigurationList = A97662B69FB217025AF5525631AB7437 /* Build configuration list for PBXNativeTarget "SaleSecretary" */;
			buildPhases = (
				B5314BFBB8148436A1FE46B96F2C9BED /* Sources */,
				6493E279780C01D67448A468CD8F5328 /* Frameworks */,
				C321DF94B9386C24B7C8ED20E409BFBF /* Resources */,
			);
			buildRules = (
			);
			dependencies = (
			);
			name = SaleSecretary;
			productName = SaleSecretary;
			productReference = B78013FA05C85654B14C93F66423543A /* SaleSecretary.app */;
			productType = "com.apple.product-type.application";
		};
		87D83AE7681EF3D1025F9F50065708F8 /* SaleSecretaryUITests */ = {
			isa = PBXNativeTarget;
			buildConfigurationList = 58C62DDCB08D7A6A27552FA0BBDF9C02 /* Build configuration list for PBXNativeTarget "SaleSecretaryUITests" */;
			buildPhases = (
				A3848645B168DFC54BA4118D1EB3ABE5 /* Sources */,
				0CC4486DEC35379F58B3427F48437FA2 /* Frameworks */,
				671262BAC08AB5B135C52A405C80BA92 /* Resources */,
			);
			buildRules = (
			);
			dependencies = (
				5038BBABD717A9C32689A65603A58382 /* PBXTargetDependency */,
			);
			name = SaleSecretaryUITests;
			productName = SaleSecretaryUITests;
			productReference = D371670FE9B8DBB273DF1F7BA7CDCAB4 /* SaleSecretaryUITests.xctest */;
			productType = "com.apple.product-type.bundle.ui-testing";
		};
		9BA9431FFF44352CCC311CB465BE7BD2 /* SaleSecretaryTests */ = {
			isa = PBXNativeTarget;
			buildConfigurationList = 88CD9089A66DE75132DB01BFADD09DEA /* Build configuration list for PBXNativeTarget "SaleSecretaryTests" */;
			buildPhases = (
				0699B6641036A632E6118A79E5EB50C3 /* Sources */,
				25943149E5EF01482E39A7058C7FC7D9 /* Frameworks */,
				1AF22C9DC725BF8EA63BE9D9A6DC6765 /* Resources */,
			);
			buildRules = (
			);
			dependencies = (
				EBB714B1CA725B18726A7C36D88D50BC /* PBXTargetDependency */,
			);
			name = SaleSecretaryTests;
			productName = SaleSecretaryTests;
			productReference = 3B50DBFE5619E6ECC0F0893AEE08D288 /* SaleSecretaryTests.xctest */;
			productType = "com.apple.product-type.bundle.unit-test";
		};
/* End PBXNativeTarget section */

/* Begin PBXProject section */
		97397EDA25754BD1B27A3933E6CC7083 /* Project object */ = {
			isa = PBXProject;
			attributes = {
				LastSwiftUpdateCheck = 0830;
				LastUpgradeCheck = 0830;
				ORGANIZATIONNAME = zjjy;
				TargetAttributes = {
					5D9576533D7D7338A391E31418964354 = {
						CreatedOnToolsVersion = 8.3.3;
						ProvisioningStyle = Automatic;
					};
					87D83AE7681EF3D1025F9F50065708F8 = {
						CreatedOnToolsVersion = 8.3.3;
						ProvisioningStyle = Automatic;
						TestTargetID = 5D9576533D7D7338A391E31418964354;
					};
					9BA9431FFF44352CCC311CB465BE7BD2 = {
						CreatedOnToolsVersion = 8.3.3;
						ProvisioningStyle = Automatic;
						TestTargetID = 5D9576533D7D7338A391E31418964354;
					};
				};
			};
			buildConfigurationList = 6E24A456B9D4091FA402BB5626CC4FCA /* Build configuration list for PBXProject "SaleSecretary" */;
			compatibilityVersion = "Xcode 3.2";
			developmentRegion = English;
			hasScannedForEncodings = 0;
			knownRegions = (
				en,
				Base,
			);
			mainGroup = 109CF3EC5FBDD447063E3847B6FB7B07;
			productRefGroup = 0CDBCAFFFDB1BD9128254835506150B5 /* Products */;
			projectDirPath = "";
			projectRoot = "";
			targets = (
				5D9576533D7D7338A391E31418964354 /* SaleSecretary */,
				9BA9431FFF44352CCC311CB465BE7BD2 /* SaleSecretaryTests */,
				87D83AE7681EF3D1025F9F50065708F8 /* SaleSecretaryUITests */,
			);
		};
/* End PBXProject section */

/* Begin PBXResourcesBuildPhase section */
		1AF22C9DC725BF8EA63BE9D9A6DC6765 /* Resources */ = {
			isa = PBXResourcesBuildPhase;
			buildActionMask = 2147483647;
			files = (
			);
			runOnlyForDeploymentPostprocessing = 0;
		};
		671262BAC08AB5B135C52A405C80BA92 /* Resources */ = {
			isa = PBXResourcesBuildPhase;
			buildActionMask = 2147483647;
			files = (
			);
			runOnlyForDeploymentPostprocessing = 0;
		};
		C321DF94B9386C24B7C8ED20E409BFBF /* Resources */ = {
			isa = PBXResourcesBuildPhase;
			buildActionMask = 2147483647;
			files = (
				837E4CB3CAA4F9E6F67FCD9B689A4731 /* Assets.xcassets in Resources */,
				B57F541A2E6EE35F55BF1F726094C124 /* LaunchScreen.storyboard in Resources */,
				AF201728C3391AB87079CD9BA8E73001 /* Main.storyboard in Resources */,
				8CFB1C9E00B955CC94391FA02B432CCF /* Message.storyboard in Resources */,
				D9D045E89EEF6E531B731C29AF71C6D8 /* MessageListCell.xib in Resources */,
				7D4F943E251DFCF1E855A17CA7047BAB /* ToolCellView.xib in Resources */,
			);
			runOnlyForDeploymentPostprocessing = 0;
		};
/* End PBXResourcesBuildPhase section */

/* Begin PBXSourcesBuildPhase section */
		0699B6641036A632E6118A79E5EB50C3 /* Sources */ = {
			isa = PBXSourcesBuildPhase;
			buildActionMask = 2147483647;
			files = (
				4CC34A42AA4DDB3561243C35E9A3DD6E /* SaleSecretaryTests.swift in Sources */,
			);
			runOnlyForDeploymentPostprocessing = 0;
		};
		A3848645B168DFC54BA4118D1EB3ABE5 /* Sources */ = {
			isa = PBXSourcesBuildPhase;
			buildActionMask = 2147483647;
			files = (
				B1CD15B5F521C5D0040C8C6FF7E7477F /* SaleSecretaryUITests.swift in Sources */,
			);
			runOnlyForDeploymentPostprocessing = 0;
		};
		B5314BFBB8148436A1FE46B96F2C9BED /* Sources */ = {
			isa = PBXSourcesBuildPhase;
			buildActionMask = 2147483647;
			files = (
				45BDDB34CBA326F0F1C1F3CBB472F1DE /* AppDelegate.swift in Sources */,
				63FFE17B8518E311F485E78D5AC99EDF /* MessageListCell.swift in Sources */,
				844B9C59A19C420A50A16F7BC34316A7 /* MessageViewController.swift in Sources */,
				E1E92A825F157EE0E15E88EC43FED169 /* SaleSecretary.xcdatamodeld in Sources */,
				53E56F706EB9015CA4B22F2CB85E21EB /* ToolCellView.swift in Sources */,
				A1388B73E89097D71FE47270B8861FF9 /* ToolsUIViewController.swift in Sources */,
				5F81108AF566E3AA21DC1DE8FE984ECE /* ViewController.swift in Sources */,
			);
			runOnlyForDeploymentPostprocessing = 0;
		};
/* End PBXSourcesBuildPhase section */

/* Begin PBXTargetDependency section */
		5038BBABD717A9C32689A65603A58382 /* PBXTargetDependency */ = {
			isa = PBXTargetDependency;
			target = 5D9576533D7D7338A391E31418964354 /* SaleSecretary */;
			targetProxy = 2F0373467A29E0D5176A6A4EC30D54E0 /* PBXContainerItemProxy */;
		};
		EBB714B1CA725B18726A7C36D88D50BC /* PBXTargetDependency */ = {
			isa = PBXTargetDependency;
			target = 5D9576533D7D7338A391E31418964354 /* SaleSecretary */;
			targetProxy = F33C0D10C95B5D17C0CD9D005331708D /* PBXContainerItemProxy */;
		};
/* End PBXTargetDependency section */

/* Begin PBXVariantGroup section */
		03D25B800318496B626EE1356C773AA4 /* Main.storyboard */ = {
			isa = PBXVariantGroup;
			children = (
				C44B64C515E9205C02855331FBB73F3F /* Base */,
			);
			name = Main.storyboard;
			sourceTree = "<group>";
		};
		E91976E222A3B14574B6924020DD4A84 /* LaunchScreen.storyboard */ = {
			isa = PBXVariantGroup;
			children = (
				DC5DE7BB98E8B43BBAFCD9F6E6D94AC0 /* Base */,
			);
			name = LaunchScreen.storyboard;
			sourceTree = "<group>";
		};
/* End PBXVariantGroup section */

/* Begin XCBuildConfiguration section */
		09DDABD502CED4A63DAFDB3BE11203C9 /* Release */ = {
			isa = XCBuildConfiguration;
			buildSettings = {
				ALWAYS_EMBED_SWIFT_STANDARD_LIBRARIES = YES;
				BUNDLE_LOADER = "$(TEST_HOST)";
				INFOPLIST_FILE = SaleSecretaryTests/Info.plist;
				LD_RUNPATH_SEARCH_PATHS = "$(inherited) @executable_path/Frameworks @loader_path/Frameworks";
				PRODUCT_BUNDLE_IDENTIFIER = com.zjjy.SaleSecretaryTests;
				PRODUCT_NAME = "$(TARGET_NAME)";
				SWIFT_VERSION = 3.0;
				TEST_HOST = "$(BUILT_PRODUCTS_DIR)/SaleSecretary.app/SaleSecretary";
			};
			name = Release;
		};
		2655FC78E3EFC7C8115B26451296762A /* Debug */ = {
			isa = XCBuildConfiguration;
			buildSettings = {
				ALWAYS_EMBED_SWIFT_STANDARD_LIBRARIES = YES;
				INFOPLIST_FILE = SaleSecretaryUITests/Info.plist;
				LD_RUNPATH_SEARCH_PATHS = "$(inherited) @executable_path/Frameworks @loader_path/Frameworks";
				PRODUCT_BUNDLE_IDENTIFIER = com.zjjy.SaleSecretaryUITests;
				PRODUCT_NAME = "$(TARGET_NAME)";
				SWIFT_VERSION = 3.0;
				TEST_TARGET_NAME = SaleSecretary;
			};
			name = Debug;
		};
		3E5D4025DBE108B228EF5E2A73C5030A /* Debug */ = {
			isa = XCBuildConfiguration;
			buildSettings = {
				ASSETCATALOG_COMPILER_APPICON_NAME = AppIcon;
				INFOPLIST_FILE = SaleSecretary/Info.plist;
				LD_RUNPATH_SEARCH_PATHS = "$(inherited) @executable_path/Frameworks";
				PRODUCT_BUNDLE_IDENTIFIER = com.zjjy.SaleSecretary;
				PRODUCT_NAME = "$(TARGET_NAME)";
				SWIFT_VERSION = 3.0;
			};
			name = Debug;
		};
		5350E170AF9A7AB20A92DFDA50C33510 /* Debug */ = {
			isa = XCBuildConfiguration;
			buildSettings = {
				ALWAYS_EMBED_SWIFT_STANDARD_LIBRARIES = YES;
				BUNDLE_LOADER = "$(TEST_HOST)";
				INFOPLIST_FILE = SaleSecretaryTests/Info.plist;
				LD_RUNPATH_SEARCH_PATHS = "$(inherited) @executable_path/Frameworks @loader_path/Frameworks";
				PRODUCT_BUNDLE_IDENTIFIER = com.zjjy.SaleSecretaryTests;
				PRODUCT_NAME = "$(TARGET_NAME)";
				SWIFT_VERSION = 3.0;
				TEST_HOST = "$(BUILT_PRODUCTS_DIR)/SaleSecretary.app/SaleSecretary";
			};
			name = Debug;
		};
		60E2F32B97DACFDB4E9D3BCB30BF9892 /* Release */ = {
			isa = XCBuildConfiguration;
			buildSettings = {
				ASSETCATALOG_COMPILER_APPICON_NAME = AppIcon;
				INFOPLIST_FILE = SaleSecretary/Info.plist;
				LD_RUNPATH_SEARCH_PATHS = "$(inherited) @executable_path/Frameworks";
				PRODUCT_BUNDLE_IDENTIFIER = com.zjjy.SaleSecretary;
				PRODUCT_NAME = "$(TARGET_NAME)";
				SWIFT_VERSION = 3.0;
			};
			name = Release;
		};
		A009771B86D46807FAA83F7B9D320F86 /* Debug */ = {
			isa = XCBuildConfiguration;
			buildSettings = {
				ALWAYS_SEARCH_USER_PATHS = NO;
				CLANG_ANALYZER_NONNULL = YES;
				CLANG_ANALYZER_NUMBER_OBJECT_CONVERSION = YES_AGGRESSIVE;
				CLANG_CXX_LANGUAGE_STANDARD = "gnu++0x";
				CLANG_CXX_LIBRARY = "libc++";
				CLANG_ENABLE_MODULES = YES;
				CLANG_ENABLE_OBJC_ARC = YES;
				CLANG_WARN_BOOL_CONVERSION = YES;
				CLANG_WARN_CONSTANT_CONVERSION = YES;
				CLANG_WARN_DIRECT_OBJC_ISA_USAGE = YES_ERROR;
				CLANG_WARN_DOCUMENTATION_COMMENTS = YES;
				CLANG_WARN_EMPTY_BODY = YES;
				CLANG_WARN_ENUM_CONVERSION = YES;
				CLANG_WARN_INFINITE_RECURSION = YES;
				CLANG_WARN_INT_CONVERSION = YES;
				CLANG_WARN_OBJC_ROOT_CLASS = YES_ERROR;
				CLANG_WARN_SUSPICIOUS_MOVE = YES;
				CLANG_WARN_UNREACHABLE_CODE = YES;
				CLANG_WARN__DUPLICATE_METHOD_MATCH = YES;
				"CODE_SIGN_IDENTITY[sdk=iphoneos*]" = "iPhone Developer";
				COPY_PHASE_STRIP = NO;
				DEBUG_INFORMATION_FORMAT = dwarf;
				ENABLE_STRICT_OBJC_MSGSEND = YES;
				ENABLE_TESTABILITY = YES;
				GCC_C_LANGUAGE_STANDARD = gnu99;
				GCC_DYNAMIC_NO_PIC = NO;
				GCC_NO_COMMON_BLOCKS = YES;
				GCC_OPTIMIZATION_LEVEL = 0;
				GCC_PREPROCESSOR_DEFINITIONS = (
					"DEBUG=1",
					"$(inherited)",
				);
				GCC_WARN_64_TO_32_BIT_CONVERSION = YES;
				GCC_WARN_ABOUT_RETURN_TYPE = YES_ERROR;
				GCC_WARN_UNDECLARED_SELECTOR = YES;
				GCC_WARN_UNINITIALIZED_AUTOS = YES_AGGRESSIVE;
				GCC_WARN_UNUSED_FUNCTION = YES;
				GCC_WARN_UNUSED_VARIABLE = YES;
				IPHONEOS_DEPLOYMENT_TARGET = 10.3;
				MTL_ENABLE_DEBUG_INFO = YES;
				ONLY_ACTIVE_ARCH = YES;
				SDKROOT = iphoneos;
				SWIFT_ACTIVE_COMPILATION_CONDITIONS = DEBUG;
				SWIFT_OPTIMIZATION_LEVEL = "-Onone";
			};
			name = Debug;
		};
		B5C7F5A2377522DD4EF52207FF2DEFAA /* Release */ = {
			isa = XCBuildConfiguration;
			buildSettings = {
				ALWAYS_SEARCH_USER_PATHS = NO;
				CLANG_ANALYZER_NONNULL = YES;
				CLANG_ANALYZER_NUMBER_OBJECT_CONVERSION = YES_AGGRESSIVE;
				CLANG_CXX_LANGUAGE_STANDARD = "gnu++0x";
				CLANG_CXX_LIBRARY = "libc++";
				CLANG_ENABLE_MODULES = YES;
				CLANG_ENABLE_OBJC_ARC = YES;
				CLANG_WARN_BOOL_CONVERSION = YES;
				CLANG_WARN_CONSTANT_CONVERSION = YES;
				CLANG_WARN_DIRECT_OBJC_ISA_USAGE = YES_ERROR;
				CLANG_WARN_DOCUMENTATION_COMMENTS = YES;
				CLANG_WARN_EMPTY_BODY = YES;
				CLANG_WARN_ENUM_CONVERSION = YES;
				CLANG_WARN_INFINITE_RECURSION = YES;
				CLANG_WARN_INT_CONVERSION = YES;
				CLANG_WARN_OBJC_ROOT_CLASS = YES_ERROR;
				CLANG_WARN_SUSPICIOUS_MOVE = YES;
				CLANG_WARN_UNREACHABLE_CODE = YES;
				CLANG_WARN__DUPLICATE_METHOD_MATCH = YES;
				"CODE_SIGN_IDENTITY[sdk=iphoneos*]" = "iPhone Developer";
				COPY_PHASE_STRIP = NO;
				DEBUG_INFORMATION_FORMAT = "dwarf-with-dsym";
				ENABLE_NS_ASSERTIONS = NO;
				ENABLE_STRICT_OBJC_MSGSEND = YES;
				GCC_C_LANGUAGE_STANDARD = gnu99;
				GCC_NO_COMMON_BLOCKS = YES;
				GCC_WARN_64_TO_32_BIT_CONVERSION = YES;
				GCC_WARN_ABOUT_RETURN_TYPE = YES_ERROR;
				GCC_WARN_UNDECLARED_SELECTOR = YES;
				GCC_WARN_UNINITIALIZED_AUTOS = YES_AGGRESSIVE;
				GCC_WARN_UNUSED_FUNCTION = YES;
				GCC_WARN_UNUSED_VARIABLE = YES;
				IPHONEOS_DEPLOYMENT_TARGET = 10.3;
				MTL_ENABLE_DEBUG_INFO = NO;
				SDKROOT = iphoneos;
				SWIFT_OPTIMIZATION_LEVEL = "-Owholemodule";
				VALIDATE_PRODUCT = YES;
			};
			name = Release;
		};
		F5089FDAC27C072C28CEC3950EE3931C /* Release */ = {
			isa = XCBuildConfiguration;
			buildSettings = {
				ALWAYS_EMBED_SWIFT_STANDARD_LIBRARIES = YES;
				INFOPLIST_FILE = SaleSecretaryUITests/Info.plist;
				LD_RUNPATH_SEARCH_PATHS = "$(inherited) @executable_path/Frameworks @loader_path/Frameworks";
				PRODUCT_BUNDLE_IDENTIFIER = com.zjjy.SaleSecretaryUITests;
				PRODUCT_NAME = "$(TARGET_NAME)";
				SWIFT_VERSION = 3.0;
				TEST_TARGET_NAME = SaleSecretary;
			};
			name = Release;
		};
/* End XCBuildConfiguration section */

/* Begin XCConfigurationList section */
		58C62DDCB08D7A6A27552FA0BBDF9C02 /* Build configuration list for PBXNativeTarget "SaleSecretaryUITests" */ = {
			isa = XCConfigurationList;
			buildConfigurations = (
				2655FC78E3EFC7C8115B26451296762A /* Debug */,
				F5089FDAC27C072C28CEC3950EE3931C /* Release */,
			);
			defaultConfigurationIsVisible = 0;
			defaultConfigurationName = Release;
		};
		6E24A456B9D4091FA402BB5626CC4FCA /* Build configuration list for PBXProject "SaleSecretary" */ = {
			isa = XCConfigurationList;
			buildConfigurations = (
				A009771B86D46807FAA83F7B9D320F86 /* Debug */,
				B5C7F5A2377522DD4EF52207FF2DEFAA /* Release */,
			);
			defaultConfigurationIsVisible = 0;
			defaultConfigurationName = Release;
		};
		88CD9089A66DE75132DB01BFADD09DEA /* Build configuration list for PBXNativeTarget "SaleSecretaryTests" */ = {
			isa = XCConfigurationList;
			buildConfigurations = (
				5350E170AF9A7AB20A92DFDA50C33510 /* Debug */,
				09DDABD502CED4A63DAFDB3BE11203C9 /* Release */,
			);
			defaultConfigurationIsVisible = 0;
			defaultConfigurationName = Release;
		};
		A97662B69FB217025AF5525631AB7437 /* Build configuration list for PBXNativeTarget "SaleSecretary" */ = {
			isa = XCConfigurationList;
			buildConfigurations = (
				3E5D4025DBE108B228EF5E2A73C5030A /* Debug */,
				60E2F32B97DACFDB4E9D3BCB30BF9892 /* Release */,
			);
			defaultConfigurationIsVisible = 0;
			defaultConfigurationName = Release;
		};
/* End XCConfigurationList section */

/* Begin XCVersionGroup section */
		372EFD95BCC4506D668112468A0C6F18 /* SaleSecretary.xcdatamodeld */ = {
			isa = XCVersionGroup;
			children = (
				B427303374369F3F694A3E88B024FF52 /* SaleSecretary.xcdatamodel */,
			);
			currentVersion = B427303374369F3F694A3E88B024FF52 /* SaleSecretary.xcdatamodel */;
			path = SaleSecretary.xcdatamodeld;
			sourceTree = "<group>";
			versionGroupType = wrapper.xcdatamodel;
		};
/* End XCVersionGroup section */
	};
	rootObject = 97397EDA25754BD1B27A3933E6CC7083 /* Project object */;
}
